// !$*UTF8*$!
{
	archiveVersion = 1;
	classes = {
	};
	objectVersion = 51;
	objects = {

/* Begin PBXBuildFile section */
		82E633952F909330B06CF3E5 /* Pods_SpellsTests.framework in Frameworks */ = {isa = PBXBuildFile; fileRef = 4901326D67798CC528653667 /* Pods_SpellsTests.framework */; };
		99094460234B8EC400EBE375 /* SPStorkTransitioningDelegate+Default.swift in Sources */ = {isa = PBXBuildFile; fileRef = 9909445F234B8EC400EBE375 /* SPStorkTransitioningDelegate+Default.swift */; };
		991358D723423B4300F04668 /* SpellbookListVC.swift in Sources */ = {isa = PBXBuildFile; fileRef = 991358D523423B4300F04668 /* SpellbookListVC.swift */; };
		991358D823423B4300F04668 /* SpellbookListVC.xib in Resources */ = {isa = PBXBuildFile; fileRef = 991358D623423B4300F04668 /* SpellbookListVC.xib */; };
		991358DB234251BC00F04668 /* SpellbookRealm.swift in Sources */ = {isa = PBXBuildFile; fileRef = 991358DA234251BC00F04668 /* SpellbookRealm.swift */; };
		991358DD2342522900F04668 /* Spellbook.swift in Sources */ = {isa = PBXBuildFile; fileRef = 991358DC2342522900F04668 /* Spellbook.swift */; };
		9933793B233B6B6D00907090 /* SpellVC.swift in Sources */ = {isa = PBXBuildFile; fileRef = 99337939233B6B6D00907090 /* SpellVC.swift */; };
		9933793C233B6B6D00907090 /* SpellVC.xib in Resources */ = {isa = PBXBuildFile; fileRef = 9933793A233B6B6D00907090 /* SpellVC.xib */; };
		9933793E233B6B7900907090 /* SpellInput.swift in Sources */ = {isa = PBXBuildFile; fileRef = 9933793D233B6B7900907090 /* SpellInput.swift */; };
		99337946233B95C600907090 /* FilterVC.swift in Sources */ = {isa = PBXBuildFile; fileRef = 99337944233B95C600907090 /* FilterVC.swift */; };
		99337947233B95C600907090 /* FilterVC.xib in Resources */ = {isa = PBXBuildFile; fileRef = 99337945233B95C600907090 /* FilterVC.xib */; };
		99337949233B95D400907090 /* FilterInput.swift in Sources */ = {isa = PBXBuildFile; fileRef = 99337948233B95D400907090 /* FilterInput.swift */; };
		9933794C233BA62900907090 /* FilterLevelView.swift in Sources */ = {isa = PBXBuildFile; fileRef = 9933794B233BA62900907090 /* FilterLevelView.swift */; };
		99345D1F233A15E5003CFD96 /* SpellListOutput.swift in Sources */ = {isa = PBXBuildFile; fileRef = 99345D1E233A15E5003CFD96 /* SpellListOutput.swift */; };
		99345D21233A15F5003CFD96 /* SpellListPresenter.swift in Sources */ = {isa = PBXBuildFile; fileRef = 99345D20233A15F5003CFD96 /* SpellListPresenter.swift */; };
		99345D26233A27A0003CFD96 /* UIView+Radius.swift in Sources */ = {isa = PBXBuildFile; fileRef = 99345D25233A27A0003CFD96 /* UIView+Radius.swift */; };
		99345D28233A31EA003CFD96 /* Spell.json in Resources */ = {isa = PBXBuildFile; fileRef = 99345D27233A31E9003CFD96 /* Spell.json */; };
		99345D2B233A5595003CFD96 /* SearchTextField.swift in Sources */ = {isa = PBXBuildFile; fileRef = 99345D2A233A5595003CFD96 /* SearchTextField.swift */; };
		9938B23F233CE89A0073B574 /* Int+Declension.swift in Sources */ = {isa = PBXBuildFile; fileRef = 9938B23E233CE89A0073B574 /* Int+Declension.swift */; };
		9946330B2342027D0057B879 /* Error.json in Resources */ = {isa = PBXBuildFile; fileRef = 9946330A2342027D0057B879 /* Error.json */; };
		9946331123420E0C0057B879 /* FilterBookVC.swift in Sources */ = {isa = PBXBuildFile; fileRef = 9946330F23420E0C0057B879 /* FilterBookVC.swift */; };
		9946331223420E0C0057B879 /* FilterBookVC.xib in Resources */ = {isa = PBXBuildFile; fileRef = 9946331023420E0C0057B879 /* FilterBookVC.xib */; };
		9946331423420E170057B879 /* FilterBookInput.swift in Sources */ = {isa = PBXBuildFile; fileRef = 9946331323420E170057B879 /* FilterBookInput.swift */; };
		9946331623420E240057B879 /* FilterBookOutput.swift in Sources */ = {isa = PBXBuildFile; fileRef = 9946331523420E240057B879 /* FilterBookOutput.swift */; };
		9946331823420E2B0057B879 /* FilterBookPresenter.swift in Sources */ = {isa = PBXBuildFile; fileRef = 9946331723420E2B0057B879 /* FilterBookPresenter.swift */; };
		99829B4B233A040900E0D725 /* SpellRealm.swift in Sources */ = {isa = PBXBuildFile; fileRef = 99829B4A233A040900E0D725 /* SpellRealm.swift */; };
		998C0A98234F392200BAD31D /* UIAlertController+defaultError.swift in Sources */ = {isa = PBXBuildFile; fileRef = 998C0A97234F392200BAD31D /* UIAlertController+defaultError.swift */; };
		998C0A9E234F3B9400BAD31D /* DescriptionCSInput.swift in Sources */ = {isa = PBXBuildFile; fileRef = 998C0A9D234F3B9400BAD31D /* DescriptionCSInput.swift */; };
		998C0AA1234F3BB600BAD31D /* DescriptionCSVC.swift in Sources */ = {isa = PBXBuildFile; fileRef = 998C0A9F234F3BB600BAD31D /* DescriptionCSVC.swift */; };
		998C0AA2234F3BB600BAD31D /* DescriptionCSVC.xib in Resources */ = {isa = PBXBuildFile; fileRef = 998C0AA0234F3BB600BAD31D /* DescriptionCSVC.xib */; };
		998C0AA4234F3BCB00BAD31D /* DescriptionCSOutput.swift in Sources */ = {isa = PBXBuildFile; fileRef = 998C0AA3234F3BCB00BAD31D /* DescriptionCSOutput.swift */; };
		998C0AA6234F3BD900BAD31D /* DescriptionCSPresenter.swift in Sources */ = {isa = PBXBuildFile; fileRef = 998C0AA5234F3BD900BAD31D /* DescriptionCSPresenter.swift */; };
		9993D17C233C95FE004C9E03 /* IOTagCell.swift in Sources */ = {isa = PBXBuildFile; fileRef = 9993D179233C95FE004C9E03 /* IOTagCell.swift */; };
		9993D17D233C95FE004C9E03 /* IOTagCell.xib in Resources */ = {isa = PBXBuildFile; fileRef = 9993D17A233C95FE004C9E03 /* IOTagCell.xib */; };
		9993D17E233C95FE004C9E03 /* IOTags.swift in Sources */ = {isa = PBXBuildFile; fileRef = 9993D17B233C95FE004C9E03 /* IOTags.swift */; };
		9993D180233CA357004C9E03 /* FilterOutput.swift in Sources */ = {isa = PBXBuildFile; fileRef = 9993D17F233CA357004C9E03 /* FilterOutput.swift */; };
		9993D182233CA360004C9E03 /* FilterPresenter.swift in Sources */ = {isa = PBXBuildFile; fileRef = 9993D181233CA360004C9E03 /* FilterPresenter.swift */; };
		9993D184233CAC60004C9E03 /* Filter.swift in Sources */ = {isa = PBXBuildFile; fileRef = 9993D183233CAC60004C9E03 /* Filter.swift */; };
		99A9854123437D9B00849B4A /* TabBarWithPopupMenuOutput.swift in Sources */ = {isa = PBXBuildFile; fileRef = 99A9854023437D9B00849B4A /* TabBarWithPopupMenuOutput.swift */; };
		99A9854323437DA600849B4A /* TabBarWithPopupMenuPresenter.swift in Sources */ = {isa = PBXBuildFile; fileRef = 99A9854223437DA600849B4A /* TabBarWithPopupMenuPresenter.swift */; };
		99A98545234384DC00849B4A /* SpellOutput.swift in Sources */ = {isa = PBXBuildFile; fileRef = 99A98544234384DC00849B4A /* SpellOutput.swift */; };
		99A98547234384E900849B4A /* SpellPresenter.swift in Sources */ = {isa = PBXBuildFile; fileRef = 99A98546234384E900849B4A /* SpellPresenter.swift */; };
		99B76BB4234332CF00397846 /* SpellbookCell.swift in Sources */ = {isa = PBXBuildFile; fileRef = 99B76BB2234332CF00397846 /* SpellbookCell.swift */; };
		99B76BB5234332CF00397846 /* SpellbookCell.xib in Resources */ = {isa = PBXBuildFile; fileRef = 99B76BB3234332CF00397846 /* SpellbookCell.xib */; };
		99B76BB72343369200397846 /* SpellbookListOutput.swift in Sources */ = {isa = PBXBuildFile; fileRef = 99B76BB62343369200397846 /* SpellbookListOutput.swift */; };
		99B76BB92343369C00397846 /* SpellbookListPresenter.swift in Sources */ = {isa = PBXBuildFile; fileRef = 99B76BB82343369C00397846 /* SpellbookListPresenter.swift */; };
		99B76BBB234336B100397846 /* SpellbookListInput.swift in Sources */ = {isa = PBXBuildFile; fileRef = 99B76BBA234336B100397846 /* SpellbookListInput.swift */; };
		99B76BC123433E4B00397846 /* SpellbookVC.swift in Sources */ = {isa = PBXBuildFile; fileRef = 99B76BBF23433E4B00397846 /* SpellbookVC.swift */; };
		99B76BC223433E4B00397846 /* SpellbookVC.xib in Resources */ = {isa = PBXBuildFile; fileRef = 99B76BC023433E4B00397846 /* SpellbookVC.xib */; };
		99B76BC423433E5900397846 /* SpellbookInput.swift in Sources */ = {isa = PBXBuildFile; fileRef = 99B76BC323433E5900397846 /* SpellbookInput.swift */; };
		99B76BC623433E6C00397846 /* SpellbookOutput.swift in Sources */ = {isa = PBXBuildFile; fileRef = 99B76BC523433E6C00397846 /* SpellbookOutput.swift */; };
		99B76BC823433E7C00397846 /* SpellbookPresenter.swift in Sources */ = {isa = PBXBuildFile; fileRef = 99B76BC723433E7C00397846 /* SpellbookPresenter.swift */; };
		99B76BCE234352B400397846 /* AddInSpellbookVC.swift in Sources */ = {isa = PBXBuildFile; fileRef = 99B76BCC234352B400397846 /* AddInSpellbookVC.swift */; };
		99B76BCF234352B400397846 /* AddInSpellbookVC.xib in Resources */ = {isa = PBXBuildFile; fileRef = 99B76BCD234352B400397846 /* AddInSpellbookVC.xib */; };
		99B76BD1234352C900397846 /* AddInSpellbookInput.swift in Sources */ = {isa = PBXBuildFile; fileRef = 99B76BD0234352C900397846 /* AddInSpellbookInput.swift */; };
		99B76BD3234352E200397846 /* AddInSpellbookOutput.swift in Sources */ = {isa = PBXBuildFile; fileRef = 99B76BD2234352E200397846 /* AddInSpellbookOutput.swift */; };
		99B76BD5234352ED00397846 /* AddInSpellbookPresenter.swift in Sources */ = {isa = PBXBuildFile; fileRef = 99B76BD4234352ED00397846 /* AddInSpellbookPresenter.swift */; };
		99B76BD92343675500397846 /* SpellbookInMenuCell.swift in Sources */ = {isa = PBXBuildFile; fileRef = 99B76BD72343675500397846 /* SpellbookInMenuCell.swift */; };
		99B76BDA2343675500397846 /* SpellbookInMenuCell.xib in Resources */ = {isa = PBXBuildFile; fileRef = 99B76BD82343675500397846 /* SpellbookInMenuCell.xib */; };
		99B76BDD23437BBB00397846 /* TabBarService.swift in Sources */ = {isa = PBXBuildFile; fileRef = 99B76BDC23437BBB00397846 /* TabBarService.swift */; };
		99B76BDF23437D3300397846 /* TabBarWithPopupMenuInput.swift in Sources */ = {isa = PBXBuildFile; fileRef = 99B76BDE23437D3300397846 /* TabBarWithPopupMenuInput.swift */; };
		99C627B023509D5000108411 /* ParamsInput.swift in Sources */ = {isa = PBXBuildFile; fileRef = 99C627AF23509D5000108411 /* ParamsInput.swift */; };
		99C627B323509D6400108411 /* ParamsVC.swift in Sources */ = {isa = PBXBuildFile; fileRef = 99C627B123509D6400108411 /* ParamsVC.swift */; };
		99C627B423509D6400108411 /* ParamsVC.xib in Resources */ = {isa = PBXBuildFile; fileRef = 99C627B223509D6400108411 /* ParamsVC.xib */; };
		99C627B623509D9200108411 /* ParamsOutput.swift in Sources */ = {isa = PBXBuildFile; fileRef = 99C627B523509D9200108411 /* ParamsOutput.swift */; };
		99C627B823509D9E00108411 /* ParamsPresenter.swift in Sources */ = {isa = PBXBuildFile; fileRef = 99C627B723509D9E00108411 /* ParamsPresenter.swift */; };
		99C627BD2350BDB900108411 /* ComponentsInput.swift in Sources */ = {isa = PBXBuildFile; fileRef = 99C627BC2350BDB900108411 /* ComponentsInput.swift */; };
		99C627C02350BDC800108411 /* ComponentsVC.swift in Sources */ = {isa = PBXBuildFile; fileRef = 99C627BE2350BDC800108411 /* ComponentsVC.swift */; };
		99C627C12350BDC800108411 /* ComponentsVC.xib in Resources */ = {isa = PBXBuildFile; fileRef = 99C627BF2350BDC800108411 /* ComponentsVC.xib */; };
		99C627C32350BDFD00108411 /* ComponentsOutput.swift in Sources */ = {isa = PBXBuildFile; fileRef = 99C627C22350BDFD00108411 /* ComponentsOutput.swift */; };
		99C627C52350BE0900108411 /* ComponentsPresenter.swift in Sources */ = {isa = PBXBuildFile; fileRef = 99C627C42350BE0900108411 /* ComponentsPresenter.swift */; };
		99D60640234F20EE004AA4A4 /* NameCSInput.swift in Sources */ = {isa = PBXBuildFile; fileRef = 99D6063F234F20EE004AA4A4 /* NameCSInput.swift */; };
		99D60643234F2104004AA4A4 /* NameCSVC.swift in Sources */ = {isa = PBXBuildFile; fileRef = 99D60641234F2104004AA4A4 /* NameCSVC.swift */; };
		99D60644234F2104004AA4A4 /* NameCSVC.xib in Resources */ = {isa = PBXBuildFile; fileRef = 99D60642234F2104004AA4A4 /* NameCSVC.xib */; };
		99D60646234F2145004AA4A4 /* NameCSOutput.swift in Sources */ = {isa = PBXBuildFile; fileRef = 99D60645234F2145004AA4A4 /* NameCSOutput.swift */; };
		99D60648234F2150004AA4A4 /* NameCSPresenter.swift in Sources */ = {isa = PBXBuildFile; fileRef = 99D60647234F2150004AA4A4 /* NameCSPresenter.swift */; };
		99D6064A234F2195004AA4A4 /* NextButton.swift in Sources */ = {isa = PBXBuildFile; fileRef = 99D60649234F2195004AA4A4 /* NextButton.swift */; };
		99D6064C234F2680004AA4A4 /* CreateSpell.storyboard in Resources */ = {isa = PBXBuildFile; fileRef = 99D6064B234F2680004AA4A4 /* CreateSpell.storyboard */; };
		99EDC005233372EB007855C4 /* AppDelegate.swift in Sources */ = {isa = PBXBuildFile; fileRef = 99EDC004233372EB007855C4 /* AppDelegate.swift */; };
		99EDC00C233372EB007855C4 /* Main.storyboard in Resources */ = {isa = PBXBuildFile; fileRef = 99EDC00A233372EB007855C4 /* Main.storyboard */; };
		99EDC00E233372EC007855C4 /* Assets.xcassets in Resources */ = {isa = PBXBuildFile; fileRef = 99EDC00D233372EC007855C4 /* Assets.xcassets */; };
		99EDC011233372EC007855C4 /* LaunchScreen.storyboard in Resources */ = {isa = PBXBuildFile; fileRef = 99EDC00F233372EC007855C4 /* LaunchScreen.storyboard */; };
		99EDC01C233372EC007855C4 /* SpellsTests.swift in Sources */ = {isa = PBXBuildFile; fileRef = 99EDC01B233372EC007855C4 /* SpellsTests.swift */; };
		99EDC02F23337583007855C4 /* Text.swift in Sources */ = {isa = PBXBuildFile; fileRef = 99EDC02B23337583007855C4 /* Text.swift */; };
		99EDC03023337583007855C4 /* Header1.swift in Sources */ = {isa = PBXBuildFile; fileRef = 99EDC02C23337583007855C4 /* Header1.swift */; };
		99EDC03123337583007855C4 /* Header2.swift in Sources */ = {isa = PBXBuildFile; fileRef = 99EDC02D23337583007855C4 /* Header2.swift */; };
		99EDC03223337583007855C4 /* Text2.swift in Sources */ = {isa = PBXBuildFile; fileRef = 99EDC02E23337583007855C4 /* Text2.swift */; };
		99EDC034233375C6007855C4 /* TextPush.swift in Sources */ = {isa = PBXBuildFile; fileRef = 99EDC033233375C6007855C4 /* TextPush.swift */; };
		99EDC036233375E1007855C4 /* TextTag.swift in Sources */ = {isa = PBXBuildFile; fileRef = 99EDC035233375E0007855C4 /* TextTag.swift */; };
		99EDC038233375F7007855C4 /* TextSearch.swift in Sources */ = {isa = PBXBuildFile; fileRef = 99EDC037233375F7007855C4 /* TextSearch.swift */; };
		99EDC03A23337613007855C4 /* TextModal.swift in Sources */ = {isa = PBXBuildFile; fileRef = 99EDC03923337613007855C4 /* TextModal.swift */; };
		99EDC03C23337635007855C4 /* HeaderBottom.swift in Sources */ = {isa = PBXBuildFile; fileRef = 99EDC03B23337635007855C4 /* HeaderBottom.swift */; };
		99EDC03E23337673007855C4 /* TextBoldFilter.swift in Sources */ = {isa = PBXBuildFile; fileRef = 99EDC03D23337673007855C4 /* TextBoldFilter.swift */; };
		99EDC04023337695007855C4 /* TextFilter.swift in Sources */ = {isa = PBXBuildFile; fileRef = 99EDC03F23337695007855C4 /* TextFilter.swift */; };
		99EDC042233376B9007855C4 /* HeaderBottom2.swift in Sources */ = {isa = PBXBuildFile; fileRef = 99EDC041233376B9007855C4 /* HeaderBottom2.swift */; };
		99EDC044233378D2007855C4 /* Colors.xcassets in Resources */ = {isa = PBXBuildFile; fileRef = 99EDC043233378D2007855C4 /* Colors.xcassets */; };
		99EDC0472333871B007855C4 /* TabBarWithPopupMenu.swift in Sources */ = {isa = PBXBuildFile; fileRef = 99EDC0462333871B007855C4 /* TabBarWithPopupMenu.swift */; };
		99EDC0492333885D007855C4 /* TabBar.xcassets in Resources */ = {isa = PBXBuildFile; fileRef = 99EDC0482333885D007855C4 /* TabBar.xcassets */; };
		99EDC04C23339029007855C4 /* PlusButton.swift in Sources */ = {isa = PBXBuildFile; fileRef = 99EDC04B23339029007855C4 /* PlusButton.swift */; };
		99EDC04F2333910A007855C4 /* UIColor+Palette.swift in Sources */ = {isa = PBXBuildFile; fileRef = 99EDC04E2333910A007855C4 /* UIColor+Palette.swift */; };
		99EDC05423339C96007855C4 /* PopupMenuVC.swift in Sources */ = {isa = PBXBuildFile; fileRef = 99EDC05323339C96007855C4 /* PopupMenuVC.swift */; };
		99EDC0572333A7FE007855C4 /* ViewController.swift in Sources */ = {isa = PBXBuildFile; fileRef = 99EDC0552333A7FE007855C4 /* ViewController.swift */; };
		99EDC0582333A7FE007855C4 /* ViewController.xib in Resources */ = {isa = PBXBuildFile; fileRef = 99EDC0562333A7FE007855C4 /* ViewController.xib */; };
		99EDC05C2333CABD007855C4 /* CreateListVC.swift in Sources */ = {isa = PBXBuildFile; fileRef = 99EDC05A2333CABD007855C4 /* CreateListVC.swift */; };
		99EDC05D2333CABD007855C4 /* CreateListVC.xib in Resources */ = {isa = PBXBuildFile; fileRef = 99EDC05B2333CABD007855C4 /* CreateListVC.xib */; };
		99F69F52234627B200A077DE /* CreateSpellbookInput.swift in Sources */ = {isa = PBXBuildFile; fileRef = 99F69F51234627B200A077DE /* CreateSpellbookInput.swift */; };
		99F69F552346348F00A077DE /* CreateSpellbookVC.swift in Sources */ = {isa = PBXBuildFile; fileRef = 99F69F532346348F00A077DE /* CreateSpellbookVC.swift */; };
		99F69F562346348F00A077DE /* CreateSpellbookVC.xib in Resources */ = {isa = PBXBuildFile; fileRef = 99F69F542346348F00A077DE /* CreateSpellbookVC.xib */; };
		99F69F5A2346411200A077DE /* CreateSpellbookOutput.swift in Sources */ = {isa = PBXBuildFile; fileRef = 99F69F592346411200A077DE /* CreateSpellbookOutput.swift */; };
		99F69F5C2346412900A077DE /* CreateSpellbookPresenter.swift in Sources */ = {isa = PBXBuildFile; fileRef = 99F69F5B2346412900A077DE /* CreateSpellbookPresenter.swift */; };
		B91442122335174D00C68557 /* CreateListInput.swift in Sources */ = {isa = PBXBuildFile; fileRef = B91442112335174D00C68557 /* CreateListInput.swift */; };
		B91442142335175B00C68557 /* CreateListOutput.swift in Sources */ = {isa = PBXBuildFile; fileRef = B91442132335175B00C68557 /* CreateListOutput.swift */; };
		B91442162335176400C68557 /* CreateListPresenter.swift in Sources */ = {isa = PBXBuildFile; fileRef = B91442152335176400C68557 /* CreateListPresenter.swift */; };
		B914421C23351E0D00C68557 /* SpellService.swift in Sources */ = {isa = PBXBuildFile; fileRef = B914421B23351E0D00C68557 /* SpellService.swift */; };
		B914423F2335209A00C68557 /* SpellListVC.swift in Sources */ = {isa = PBXBuildFile; fileRef = B914423D2335209A00C68557 /* SpellListVC.swift */; };
		B91442402335209A00C68557 /* SpellListVC.xib in Resources */ = {isa = PBXBuildFile; fileRef = B914423E2335209A00C68557 /* SpellListVC.xib */; };
		B9144242233520B400C68557 /* SpellListInput.swift in Sources */ = {isa = PBXBuildFile; fileRef = B9144241233520B400C68557 /* SpellListInput.swift */; };
		B9144246233521C300C68557 /* SpellCell.swift in Sources */ = {isa = PBXBuildFile; fileRef = B9144244233521C300C68557 /* SpellCell.swift */; };
		B9144247233521C300C68557 /* SpellCell.xib in Resources */ = {isa = PBXBuildFile; fileRef = B9144245233521C300C68557 /* SpellCell.xib */; };
		B98EF36823353D48008E81ED /* Imported.swift in Sources */ = {isa = PBXBuildFile; fileRef = B98EF36623353D47008E81ED /* Imported.swift */; };
		B98EF36923353D48008E81ED /* Exported.swift in Sources */ = {isa = PBXBuildFile; fileRef = B98EF36723353D47008E81ED /* Exported.swift */; };
		B98EF36D23353E6C008E81ED /* Book.swift in Sources */ = {isa = PBXBuildFile; fileRef = B98EF36C23353E6C008E81ED /* Book.swift */; };
		B98EF37123353F13008E81ED /* Language.swift in Sources */ = {isa = PBXBuildFile; fileRef = B98EF37023353F13008E81ED /* Language.swift */; };
		B98EF37323353FF9008E81ED /* Component.swift in Sources */ = {isa = PBXBuildFile; fileRef = B98EF37223353FF9008E81ED /* Component.swift */; };
		B98EF375233541F2008E81ED /* Profession.swift in Sources */ = {isa = PBXBuildFile; fileRef = B98EF374233541F2008E81ED /* Profession.swift */; };
		B98EF37723354436008E81ED /* School.swift in Sources */ = {isa = PBXBuildFile; fileRef = B98EF37623354436008E81ED /* School.swift */; };
		B98EF3792335F00C008E81ED /* Spell.swift in Sources */ = {isa = PBXBuildFile; fileRef = B98EF3782335F00C008E81ED /* Spell.swift */; };
		B99260232351C133000EE878 /* ProfessionInput.swift in Sources */ = {isa = PBXBuildFile; fileRef = B99260222351C133000EE878 /* ProfessionInput.swift */; };
		B99260262351C16B000EE878 /* ProfessionsVC.swift in Sources */ = {isa = PBXBuildFile; fileRef = B99260242351C16B000EE878 /* ProfessionsVC.swift */; };
		B99260272351C16B000EE878 /* ProfessionsVC.xib in Resources */ = {isa = PBXBuildFile; fileRef = B99260252351C16B000EE878 /* ProfessionsVC.xib */; };
		B99260292351C1A8000EE878 /* ProfessionsOutput.swift in Sources */ = {isa = PBXBuildFile; fileRef = B99260282351C1A8000EE878 /* ProfessionsOutput.swift */; };
		B992602B2353AAE2000EE878 /* ProfessionsPresenter.swift in Sources */ = {isa = PBXBuildFile; fileRef = B992602A2353AAE2000EE878 /* ProfessionsPresenter.swift */; };
		F67D503C5600D139881FE953 /* Pods_Spells.framework in Frameworks */ = {isa = PBXBuildFile; fileRef = 74DDF22D573CA7006A845975 /* Pods_Spells.framework */; };
/* End PBXBuildFile section */

/* Begin PBXContainerItemProxy section */
		99EDC018233372EC007855C4 /* PBXContainerItemProxy */ = {
			isa = PBXContainerItemProxy;
			containerPortal = 99EDBFF9233372EB007855C4 /* Project object */;
			proxyType = 1;
			remoteGlobalIDString = 99EDC000233372EB007855C4;
			remoteInfo = Spells;
		};
/* End PBXContainerItemProxy section */

/* Begin PBXFileReference section */
		0112B2A897F21E1CC4029C5C /* Pods-Spells.debug.xcconfig */ = {isa = PBXFileReference; includeInIndex = 1; lastKnownFileType = text.xcconfig; name = "Pods-Spells.debug.xcconfig"; path = "Target Support Files/Pods-Spells/Pods-Spells.debug.xcconfig"; sourceTree = "<group>"; };
		4901326D67798CC528653667 /* Pods_SpellsTests.framework */ = {isa = PBXFileReference; explicitFileType = wrapper.framework; includeInIndex = 0; path = Pods_SpellsTests.framework; sourceTree = BUILT_PRODUCTS_DIR; };
		6C9E4AE86B3C81D82740A67A /* Pods-SpellsTests.release.xcconfig */ = {isa = PBXFileReference; includeInIndex = 1; lastKnownFileType = text.xcconfig; name = "Pods-SpellsTests.release.xcconfig"; path = "Target Support Files/Pods-SpellsTests/Pods-SpellsTests.release.xcconfig"; sourceTree = "<group>"; };
		74DDF22D573CA7006A845975 /* Pods_Spells.framework */ = {isa = PBXFileReference; explicitFileType = wrapper.framework; includeInIndex = 0; path = Pods_Spells.framework; sourceTree = BUILT_PRODUCTS_DIR; };
		9909445F234B8EC400EBE375 /* SPStorkTransitioningDelegate+Default.swift */ = {isa = PBXFileReference; lastKnownFileType = sourcecode.swift; path = "SPStorkTransitioningDelegate+Default.swift"; sourceTree = "<group>"; };
		991358D523423B4300F04668 /* SpellbookListVC.swift */ = {isa = PBXFileReference; lastKnownFileType = sourcecode.swift; path = SpellbookListVC.swift; sourceTree = "<group>"; };
		991358D623423B4300F04668 /* SpellbookListVC.xib */ = {isa = PBXFileReference; lastKnownFileType = file.xib; path = SpellbookListVC.xib; sourceTree = "<group>"; };
		991358DA234251BC00F04668 /* SpellbookRealm.swift */ = {isa = PBXFileReference; lastKnownFileType = sourcecode.swift; path = SpellbookRealm.swift; sourceTree = "<group>"; };
		991358DC2342522900F04668 /* Spellbook.swift */ = {isa = PBXFileReference; lastKnownFileType = sourcecode.swift; path = Spellbook.swift; sourceTree = "<group>"; };
		99337939233B6B6D00907090 /* SpellVC.swift */ = {isa = PBXFileReference; lastKnownFileType = sourcecode.swift; path = SpellVC.swift; sourceTree = "<group>"; };
		9933793A233B6B6D00907090 /* SpellVC.xib */ = {isa = PBXFileReference; lastKnownFileType = file.xib; path = SpellVC.xib; sourceTree = "<group>"; };
		9933793D233B6B7900907090 /* SpellInput.swift */ = {isa = PBXFileReference; lastKnownFileType = sourcecode.swift; path = SpellInput.swift; sourceTree = "<group>"; };
		99337944233B95C600907090 /* FilterVC.swift */ = {isa = PBXFileReference; lastKnownFileType = sourcecode.swift; path = FilterVC.swift; sourceTree = "<group>"; };
		99337945233B95C600907090 /* FilterVC.xib */ = {isa = PBXFileReference; lastKnownFileType = file.xib; path = FilterVC.xib; sourceTree = "<group>"; };
		99337948233B95D400907090 /* FilterInput.swift */ = {isa = PBXFileReference; lastKnownFileType = sourcecode.swift; path = FilterInput.swift; sourceTree = "<group>"; };
		9933794B233BA62900907090 /* FilterLevelView.swift */ = {isa = PBXFileReference; lastKnownFileType = sourcecode.swift; path = FilterLevelView.swift; sourceTree = "<group>"; };
		99345D1E233A15E5003CFD96 /* SpellListOutput.swift */ = {isa = PBXFileReference; lastKnownFileType = sourcecode.swift; path = SpellListOutput.swift; sourceTree = "<group>"; };
		99345D20233A15F5003CFD96 /* SpellListPresenter.swift */ = {isa = PBXFileReference; lastKnownFileType = sourcecode.swift; path = SpellListPresenter.swift; sourceTree = "<group>"; };
		99345D25233A27A0003CFD96 /* UIView+Radius.swift */ = {isa = PBXFileReference; lastKnownFileType = sourcecode.swift; path = "UIView+Radius.swift"; sourceTree = "<group>"; };
		99345D27233A31E9003CFD96 /* Spell.json */ = {isa = PBXFileReference; fileEncoding = 4; lastKnownFileType = text.json; path = Spell.json; sourceTree = "<group>"; };
		99345D2A233A5595003CFD96 /* SearchTextField.swift */ = {isa = PBXFileReference; lastKnownFileType = sourcecode.swift; path = SearchTextField.swift; sourceTree = "<group>"; };
		9938B23E233CE89A0073B574 /* Int+Declension.swift */ = {isa = PBXFileReference; lastKnownFileType = sourcecode.swift; path = "Int+Declension.swift"; sourceTree = "<group>"; };
		9946330A2342027D0057B879 /* Error.json */ = {isa = PBXFileReference; fileEncoding = 4; lastKnownFileType = text.json; path = Error.json; sourceTree = "<group>"; };
		9946330F23420E0C0057B879 /* FilterBookVC.swift */ = {isa = PBXFileReference; lastKnownFileType = sourcecode.swift; path = FilterBookVC.swift; sourceTree = "<group>"; };
		9946331023420E0C0057B879 /* FilterBookVC.xib */ = {isa = PBXFileReference; lastKnownFileType = file.xib; path = FilterBookVC.xib; sourceTree = "<group>"; };
		9946331323420E170057B879 /* FilterBookInput.swift */ = {isa = PBXFileReference; lastKnownFileType = sourcecode.swift; path = FilterBookInput.swift; sourceTree = "<group>"; };
		9946331523420E240057B879 /* FilterBookOutput.swift */ = {isa = PBXFileReference; lastKnownFileType = sourcecode.swift; path = FilterBookOutput.swift; sourceTree = "<group>"; };
		9946331723420E2B0057B879 /* FilterBookPresenter.swift */ = {isa = PBXFileReference; lastKnownFileType = sourcecode.swift; path = FilterBookPresenter.swift; sourceTree = "<group>"; };
		99829B4A233A040900E0D725 /* SpellRealm.swift */ = {isa = PBXFileReference; lastKnownFileType = sourcecode.swift; path = SpellRealm.swift; sourceTree = "<group>"; };
		998C0A97234F392200BAD31D /* UIAlertController+defaultError.swift */ = {isa = PBXFileReference; lastKnownFileType = sourcecode.swift; path = "UIAlertController+defaultError.swift"; sourceTree = "<group>"; };
		998C0A9D234F3B9400BAD31D /* DescriptionCSInput.swift */ = {isa = PBXFileReference; lastKnownFileType = sourcecode.swift; path = DescriptionCSInput.swift; sourceTree = "<group>"; };
		998C0A9F234F3BB600BAD31D /* DescriptionCSVC.swift */ = {isa = PBXFileReference; lastKnownFileType = sourcecode.swift; path = DescriptionCSVC.swift; sourceTree = "<group>"; };
		998C0AA0234F3BB600BAD31D /* DescriptionCSVC.xib */ = {isa = PBXFileReference; lastKnownFileType = file.xib; path = DescriptionCSVC.xib; sourceTree = "<group>"; };
		998C0AA3234F3BCB00BAD31D /* DescriptionCSOutput.swift */ = {isa = PBXFileReference; lastKnownFileType = sourcecode.swift; path = DescriptionCSOutput.swift; sourceTree = "<group>"; };
		998C0AA5234F3BD900BAD31D /* DescriptionCSPresenter.swift */ = {isa = PBXFileReference; lastKnownFileType = sourcecode.swift; path = DescriptionCSPresenter.swift; sourceTree = "<group>"; };
		9993D179233C95FE004C9E03 /* IOTagCell.swift */ = {isa = PBXFileReference; fileEncoding = 4; lastKnownFileType = sourcecode.swift; path = IOTagCell.swift; sourceTree = "<group>"; };
		9993D17A233C95FE004C9E03 /* IOTagCell.xib */ = {isa = PBXFileReference; fileEncoding = 4; lastKnownFileType = file.xib; path = IOTagCell.xib; sourceTree = "<group>"; };
		9993D17B233C95FE004C9E03 /* IOTags.swift */ = {isa = PBXFileReference; fileEncoding = 4; lastKnownFileType = sourcecode.swift; path = IOTags.swift; sourceTree = "<group>"; };
		9993D17F233CA357004C9E03 /* FilterOutput.swift */ = {isa = PBXFileReference; lastKnownFileType = sourcecode.swift; path = FilterOutput.swift; sourceTree = "<group>"; };
		9993D181233CA360004C9E03 /* FilterPresenter.swift */ = {isa = PBXFileReference; lastKnownFileType = sourcecode.swift; path = FilterPresenter.swift; sourceTree = "<group>"; };
		9993D183233CAC60004C9E03 /* Filter.swift */ = {isa = PBXFileReference; lastKnownFileType = sourcecode.swift; path = Filter.swift; sourceTree = "<group>"; };
		99A9854023437D9B00849B4A /* TabBarWithPopupMenuOutput.swift */ = {isa = PBXFileReference; lastKnownFileType = sourcecode.swift; path = TabBarWithPopupMenuOutput.swift; sourceTree = "<group>"; };
		99A9854223437DA600849B4A /* TabBarWithPopupMenuPresenter.swift */ = {isa = PBXFileReference; lastKnownFileType = sourcecode.swift; path = TabBarWithPopupMenuPresenter.swift; sourceTree = "<group>"; };
		99A98544234384DC00849B4A /* SpellOutput.swift */ = {isa = PBXFileReference; lastKnownFileType = sourcecode.swift; path = SpellOutput.swift; sourceTree = "<group>"; };
		99A98546234384E900849B4A /* SpellPresenter.swift */ = {isa = PBXFileReference; lastKnownFileType = sourcecode.swift; path = SpellPresenter.swift; sourceTree = "<group>"; };
		99B76BB2234332CF00397846 /* SpellbookCell.swift */ = {isa = PBXFileReference; lastKnownFileType = sourcecode.swift; path = SpellbookCell.swift; sourceTree = "<group>"; };
		99B76BB3234332CF00397846 /* SpellbookCell.xib */ = {isa = PBXFileReference; lastKnownFileType = file.xib; path = SpellbookCell.xib; sourceTree = "<group>"; };
		99B76BB62343369200397846 /* SpellbookListOutput.swift */ = {isa = PBXFileReference; lastKnownFileType = sourcecode.swift; path = SpellbookListOutput.swift; sourceTree = "<group>"; };
		99B76BB82343369C00397846 /* SpellbookListPresenter.swift */ = {isa = PBXFileReference; lastKnownFileType = sourcecode.swift; path = SpellbookListPresenter.swift; sourceTree = "<group>"; };
		99B76BBA234336B100397846 /* SpellbookListInput.swift */ = {isa = PBXFileReference; lastKnownFileType = sourcecode.swift; path = SpellbookListInput.swift; sourceTree = "<group>"; };
		99B76BBF23433E4B00397846 /* SpellbookVC.swift */ = {isa = PBXFileReference; lastKnownFileType = sourcecode.swift; path = SpellbookVC.swift; sourceTree = "<group>"; };
		99B76BC023433E4B00397846 /* SpellbookVC.xib */ = {isa = PBXFileReference; lastKnownFileType = file.xib; path = SpellbookVC.xib; sourceTree = "<group>"; };
		99B76BC323433E5900397846 /* SpellbookInput.swift */ = {isa = PBXFileReference; lastKnownFileType = sourcecode.swift; path = SpellbookInput.swift; sourceTree = "<group>"; };
		99B76BC523433E6C00397846 /* SpellbookOutput.swift */ = {isa = PBXFileReference; lastKnownFileType = sourcecode.swift; path = SpellbookOutput.swift; sourceTree = "<group>"; };
		99B76BC723433E7C00397846 /* SpellbookPresenter.swift */ = {isa = PBXFileReference; lastKnownFileType = sourcecode.swift; path = SpellbookPresenter.swift; sourceTree = "<group>"; };
		99B76BCC234352B400397846 /* AddInSpellbookVC.swift */ = {isa = PBXFileReference; lastKnownFileType = sourcecode.swift; path = AddInSpellbookVC.swift; sourceTree = "<group>"; };
		99B76BCD234352B400397846 /* AddInSpellbookVC.xib */ = {isa = PBXFileReference; lastKnownFileType = file.xib; path = AddInSpellbookVC.xib; sourceTree = "<group>"; };
		99B76BD0234352C900397846 /* AddInSpellbookInput.swift */ = {isa = PBXFileReference; lastKnownFileType = sourcecode.swift; path = AddInSpellbookInput.swift; sourceTree = "<group>"; };
		99B76BD2234352E200397846 /* AddInSpellbookOutput.swift */ = {isa = PBXFileReference; lastKnownFileType = sourcecode.swift; path = AddInSpellbookOutput.swift; sourceTree = "<group>"; };
		99B76BD4234352ED00397846 /* AddInSpellbookPresenter.swift */ = {isa = PBXFileReference; lastKnownFileType = sourcecode.swift; path = AddInSpellbookPresenter.swift; sourceTree = "<group>"; };
		99B76BD72343675500397846 /* SpellbookInMenuCell.swift */ = {isa = PBXFileReference; lastKnownFileType = sourcecode.swift; path = SpellbookInMenuCell.swift; sourceTree = "<group>"; };
		99B76BD82343675500397846 /* SpellbookInMenuCell.xib */ = {isa = PBXFileReference; lastKnownFileType = file.xib; path = SpellbookInMenuCell.xib; sourceTree = "<group>"; };
		99B76BDC23437BBB00397846 /* TabBarService.swift */ = {isa = PBXFileReference; lastKnownFileType = sourcecode.swift; path = TabBarService.swift; sourceTree = "<group>"; };
		99B76BDE23437D3300397846 /* TabBarWithPopupMenuInput.swift */ = {isa = PBXFileReference; lastKnownFileType = sourcecode.swift; path = TabBarWithPopupMenuInput.swift; sourceTree = "<group>"; };
		99C627AF23509D5000108411 /* ParamsInput.swift */ = {isa = PBXFileReference; lastKnownFileType = sourcecode.swift; path = ParamsInput.swift; sourceTree = "<group>"; };
		99C627B123509D6400108411 /* ParamsVC.swift */ = {isa = PBXFileReference; lastKnownFileType = sourcecode.swift; path = ParamsVC.swift; sourceTree = "<group>"; };
		99C627B223509D6400108411 /* ParamsVC.xib */ = {isa = PBXFileReference; lastKnownFileType = file.xib; path = ParamsVC.xib; sourceTree = "<group>"; };
		99C627B523509D9200108411 /* ParamsOutput.swift */ = {isa = PBXFileReference; lastKnownFileType = sourcecode.swift; path = ParamsOutput.swift; sourceTree = "<group>"; };
		99C627B723509D9E00108411 /* ParamsPresenter.swift */ = {isa = PBXFileReference; lastKnownFileType = sourcecode.swift; path = ParamsPresenter.swift; sourceTree = "<group>"; };
		99C627BC2350BDB900108411 /* ComponentsInput.swift */ = {isa = PBXFileReference; lastKnownFileType = sourcecode.swift; path = ComponentsInput.swift; sourceTree = "<group>"; };
		99C627BE2350BDC800108411 /* ComponentsVC.swift */ = {isa = PBXFileReference; lastKnownFileType = sourcecode.swift; path = ComponentsVC.swift; sourceTree = "<group>"; };
		99C627BF2350BDC800108411 /* ComponentsVC.xib */ = {isa = PBXFileReference; lastKnownFileType = file.xib; path = ComponentsVC.xib; sourceTree = "<group>"; };
		99C627C22350BDFD00108411 /* ComponentsOutput.swift */ = {isa = PBXFileReference; lastKnownFileType = sourcecode.swift; path = ComponentsOutput.swift; sourceTree = "<group>"; };
		99C627C42350BE0900108411 /* ComponentsPresenter.swift */ = {isa = PBXFileReference; lastKnownFileType = sourcecode.swift; path = ComponentsPresenter.swift; sourceTree = "<group>"; };
		99D6063F234F20EE004AA4A4 /* NameCSInput.swift */ = {isa = PBXFileReference; lastKnownFileType = sourcecode.swift; path = NameCSInput.swift; sourceTree = "<group>"; };
		99D60641234F2104004AA4A4 /* NameCSVC.swift */ = {isa = PBXFileReference; lastKnownFileType = sourcecode.swift; path = NameCSVC.swift; sourceTree = "<group>"; };
		99D60642234F2104004AA4A4 /* NameCSVC.xib */ = {isa = PBXFileReference; lastKnownFileType = file.xib; path = NameCSVC.xib; sourceTree = "<group>"; };
		99D60645234F2145004AA4A4 /* NameCSOutput.swift */ = {isa = PBXFileReference; lastKnownFileType = sourcecode.swift; path = NameCSOutput.swift; sourceTree = "<group>"; };
		99D60647234F2150004AA4A4 /* NameCSPresenter.swift */ = {isa = PBXFileReference; lastKnownFileType = sourcecode.swift; path = NameCSPresenter.swift; sourceTree = "<group>"; };
		99D60649234F2195004AA4A4 /* NextButton.swift */ = {isa = PBXFileReference; lastKnownFileType = sourcecode.swift; path = NextButton.swift; sourceTree = "<group>"; };
		99D6064B234F2680004AA4A4 /* CreateSpell.storyboard */ = {isa = PBXFileReference; lastKnownFileType = file.storyboard; path = CreateSpell.storyboard; sourceTree = "<group>"; };
		99EDC001233372EB007855C4 /* Spells.app */ = {isa = PBXFileReference; explicitFileType = wrapper.application; includeInIndex = 0; path = Spells.app; sourceTree = BUILT_PRODUCTS_DIR; };
		99EDC004233372EB007855C4 /* AppDelegate.swift */ = {isa = PBXFileReference; lastKnownFileType = sourcecode.swift; path = AppDelegate.swift; sourceTree = "<group>"; };
		99EDC00B233372EB007855C4 /* Base */ = {isa = PBXFileReference; lastKnownFileType = file.storyboard; name = Base; path = Base.lproj/Main.storyboard; sourceTree = "<group>"; };
		99EDC00D233372EC007855C4 /* Assets.xcassets */ = {isa = PBXFileReference; lastKnownFileType = folder.assetcatalog; path = Assets.xcassets; sourceTree = "<group>"; };
		99EDC010233372EC007855C4 /* Base */ = {isa = PBXFileReference; lastKnownFileType = file.storyboard; name = Base; path = Base.lproj/LaunchScreen.storyboard; sourceTree = "<group>"; };
		99EDC012233372EC007855C4 /* Info.plist */ = {isa = PBXFileReference; lastKnownFileType = text.plist.xml; path = Info.plist; sourceTree = "<group>"; };
		99EDC017233372EC007855C4 /* SpellsTests.xctest */ = {isa = PBXFileReference; explicitFileType = wrapper.cfbundle; includeInIndex = 0; path = SpellsTests.xctest; sourceTree = BUILT_PRODUCTS_DIR; };
		99EDC01B233372EC007855C4 /* SpellsTests.swift */ = {isa = PBXFileReference; lastKnownFileType = sourcecode.swift; path = SpellsTests.swift; sourceTree = "<group>"; };
		99EDC01D233372EC007855C4 /* Info.plist */ = {isa = PBXFileReference; lastKnownFileType = text.plist.xml; path = Info.plist; sourceTree = "<group>"; };
		99EDC02B23337583007855C4 /* Text.swift */ = {isa = PBXFileReference; fileEncoding = 4; lastKnownFileType = sourcecode.swift; path = Text.swift; sourceTree = "<group>"; };
		99EDC02C23337583007855C4 /* Header1.swift */ = {isa = PBXFileReference; fileEncoding = 4; lastKnownFileType = sourcecode.swift; path = Header1.swift; sourceTree = "<group>"; };
		99EDC02D23337583007855C4 /* Header2.swift */ = {isa = PBXFileReference; fileEncoding = 4; lastKnownFileType = sourcecode.swift; path = Header2.swift; sourceTree = "<group>"; };
		99EDC02E23337583007855C4 /* Text2.swift */ = {isa = PBXFileReference; fileEncoding = 4; lastKnownFileType = sourcecode.swift; path = Text2.swift; sourceTree = "<group>"; };
		99EDC033233375C6007855C4 /* TextPush.swift */ = {isa = PBXFileReference; lastKnownFileType = sourcecode.swift; path = TextPush.swift; sourceTree = "<group>"; };
		99EDC035233375E0007855C4 /* TextTag.swift */ = {isa = PBXFileReference; lastKnownFileType = sourcecode.swift; path = TextTag.swift; sourceTree = "<group>"; };
		99EDC037233375F7007855C4 /* TextSearch.swift */ = {isa = PBXFileReference; lastKnownFileType = sourcecode.swift; path = TextSearch.swift; sourceTree = "<group>"; };
		99EDC03923337613007855C4 /* TextModal.swift */ = {isa = PBXFileReference; lastKnownFileType = sourcecode.swift; path = TextModal.swift; sourceTree = "<group>"; };
		99EDC03B23337635007855C4 /* HeaderBottom.swift */ = {isa = PBXFileReference; lastKnownFileType = sourcecode.swift; path = HeaderBottom.swift; sourceTree = "<group>"; };
		99EDC03D23337673007855C4 /* TextBoldFilter.swift */ = {isa = PBXFileReference; lastKnownFileType = sourcecode.swift; path = TextBoldFilter.swift; sourceTree = "<group>"; };
		99EDC03F23337695007855C4 /* TextFilter.swift */ = {isa = PBXFileReference; lastKnownFileType = sourcecode.swift; path = TextFilter.swift; sourceTree = "<group>"; };
		99EDC041233376B9007855C4 /* HeaderBottom2.swift */ = {isa = PBXFileReference; lastKnownFileType = sourcecode.swift; path = HeaderBottom2.swift; sourceTree = "<group>"; };
		99EDC043233378D2007855C4 /* Colors.xcassets */ = {isa = PBXFileReference; lastKnownFileType = folder.assetcatalog; path = Colors.xcassets; sourceTree = "<group>"; };
		99EDC0462333871B007855C4 /* TabBarWithPopupMenu.swift */ = {isa = PBXFileReference; lastKnownFileType = sourcecode.swift; path = TabBarWithPopupMenu.swift; sourceTree = "<group>"; };
		99EDC0482333885D007855C4 /* TabBar.xcassets */ = {isa = PBXFileReference; lastKnownFileType = folder.assetcatalog; path = TabBar.xcassets; sourceTree = "<group>"; };
		99EDC04B23339029007855C4 /* PlusButton.swift */ = {isa = PBXFileReference; lastKnownFileType = sourcecode.swift; path = PlusButton.swift; sourceTree = "<group>"; };
		99EDC04E2333910A007855C4 /* UIColor+Palette.swift */ = {isa = PBXFileReference; lastKnownFileType = sourcecode.swift; path = "UIColor+Palette.swift"; sourceTree = "<group>"; };
		99EDC05323339C96007855C4 /* PopupMenuVC.swift */ = {isa = PBXFileReference; lastKnownFileType = sourcecode.swift; path = PopupMenuVC.swift; sourceTree = "<group>"; };
		99EDC0552333A7FE007855C4 /* ViewController.swift */ = {isa = PBXFileReference; lastKnownFileType = sourcecode.swift; path = ViewController.swift; sourceTree = "<group>"; };
		99EDC0562333A7FE007855C4 /* ViewController.xib */ = {isa = PBXFileReference; lastKnownFileType = file.xib; path = ViewController.xib; sourceTree = "<group>"; };
		99EDC05A2333CABD007855C4 /* CreateListVC.swift */ = {isa = PBXFileReference; lastKnownFileType = sourcecode.swift; path = CreateListVC.swift; sourceTree = "<group>"; };
		99EDC05B2333CABD007855C4 /* CreateListVC.xib */ = {isa = PBXFileReference; lastKnownFileType = file.xib; path = CreateListVC.xib; sourceTree = "<group>"; };
		99F69F51234627B200A077DE /* CreateSpellbookInput.swift */ = {isa = PBXFileReference; lastKnownFileType = sourcecode.swift; path = CreateSpellbookInput.swift; sourceTree = "<group>"; };
		99F69F532346348F00A077DE /* CreateSpellbookVC.swift */ = {isa = PBXFileReference; lastKnownFileType = sourcecode.swift; path = CreateSpellbookVC.swift; sourceTree = "<group>"; };
		99F69F542346348F00A077DE /* CreateSpellbookVC.xib */ = {isa = PBXFileReference; lastKnownFileType = file.xib; path = CreateSpellbookVC.xib; sourceTree = "<group>"; };
		99F69F592346411200A077DE /* CreateSpellbookOutput.swift */ = {isa = PBXFileReference; lastKnownFileType = sourcecode.swift; path = CreateSpellbookOutput.swift; sourceTree = "<group>"; };
		99F69F5B2346412900A077DE /* CreateSpellbookPresenter.swift */ = {isa = PBXFileReference; lastKnownFileType = sourcecode.swift; path = CreateSpellbookPresenter.swift; sourceTree = "<group>"; };
		AB920D05A7EBF50A84C203E5 /* Pods-Spells.release.xcconfig */ = {isa = PBXFileReference; includeInIndex = 1; lastKnownFileType = text.xcconfig; name = "Pods-Spells.release.xcconfig"; path = "Target Support Files/Pods-Spells/Pods-Spells.release.xcconfig"; sourceTree = "<group>"; };
		AEF7CF8F6B61ED52E4FDFC1D /* Pods-SpellsTests.debug.xcconfig */ = {isa = PBXFileReference; includeInIndex = 1; lastKnownFileType = text.xcconfig; name = "Pods-SpellsTests.debug.xcconfig"; path = "Target Support Files/Pods-SpellsTests/Pods-SpellsTests.debug.xcconfig"; sourceTree = "<group>"; };
		B91442112335174D00C68557 /* CreateListInput.swift */ = {isa = PBXFileReference; lastKnownFileType = sourcecode.swift; path = CreateListInput.swift; sourceTree = "<group>"; };
		B91442132335175B00C68557 /* CreateListOutput.swift */ = {isa = PBXFileReference; lastKnownFileType = sourcecode.swift; path = CreateListOutput.swift; sourceTree = "<group>"; };
		B91442152335176400C68557 /* CreateListPresenter.swift */ = {isa = PBXFileReference; lastKnownFileType = sourcecode.swift; path = CreateListPresenter.swift; sourceTree = "<group>"; };
		B914421B23351E0D00C68557 /* SpellService.swift */ = {isa = PBXFileReference; fileEncoding = 4; lastKnownFileType = sourcecode.swift; path = SpellService.swift; sourceTree = "<group>"; };
		B914423D2335209A00C68557 /* SpellListVC.swift */ = {isa = PBXFileReference; lastKnownFileType = sourcecode.swift; path = SpellListVC.swift; sourceTree = "<group>"; };
		B914423E2335209A00C68557 /* SpellListVC.xib */ = {isa = PBXFileReference; lastKnownFileType = file.xib; path = SpellListVC.xib; sourceTree = "<group>"; };
		B9144241233520B400C68557 /* SpellListInput.swift */ = {isa = PBXFileReference; lastKnownFileType = sourcecode.swift; path = SpellListInput.swift; sourceTree = "<group>"; };
		B9144244233521C300C68557 /* SpellCell.swift */ = {isa = PBXFileReference; lastKnownFileType = sourcecode.swift; path = SpellCell.swift; sourceTree = "<group>"; };
		B9144245233521C300C68557 /* SpellCell.xib */ = {isa = PBXFileReference; lastKnownFileType = file.xib; path = SpellCell.xib; sourceTree = "<group>"; };
		B98EF36623353D47008E81ED /* Imported.swift */ = {isa = PBXFileReference; fileEncoding = 4; lastKnownFileType = sourcecode.swift; path = Imported.swift; sourceTree = "<group>"; };
		B98EF36723353D47008E81ED /* Exported.swift */ = {isa = PBXFileReference; fileEncoding = 4; lastKnownFileType = sourcecode.swift; path = Exported.swift; sourceTree = "<group>"; };
		B98EF36C23353E6C008E81ED /* Book.swift */ = {isa = PBXFileReference; lastKnownFileType = sourcecode.swift; path = Book.swift; sourceTree = "<group>"; };
		B98EF37023353F13008E81ED /* Language.swift */ = {isa = PBXFileReference; lastKnownFileType = sourcecode.swift; path = Language.swift; sourceTree = "<group>"; };
		B98EF37223353FF9008E81ED /* Component.swift */ = {isa = PBXFileReference; lastKnownFileType = sourcecode.swift; path = Component.swift; sourceTree = "<group>"; };
		B98EF374233541F2008E81ED /* Profession.swift */ = {isa = PBXFileReference; lastKnownFileType = sourcecode.swift; path = Profession.swift; sourceTree = "<group>"; };
		B98EF37623354436008E81ED /* School.swift */ = {isa = PBXFileReference; lastKnownFileType = sourcecode.swift; path = School.swift; sourceTree = "<group>"; };
		B98EF3782335F00C008E81ED /* Spell.swift */ = {isa = PBXFileReference; lastKnownFileType = sourcecode.swift; path = Spell.swift; sourceTree = "<group>"; };
		B99260222351C133000EE878 /* ProfessionInput.swift */ = {isa = PBXFileReference; lastKnownFileType = sourcecode.swift; path = ProfessionInput.swift; sourceTree = "<group>"; };
		B99260242351C16B000EE878 /* ProfessionsVC.swift */ = {isa = PBXFileReference; lastKnownFileType = sourcecode.swift; path = ProfessionsVC.swift; sourceTree = "<group>"; };
		B99260252351C16B000EE878 /* ProfessionsVC.xib */ = {isa = PBXFileReference; lastKnownFileType = file.xib; path = ProfessionsVC.xib; sourceTree = "<group>"; };
		B99260282351C1A8000EE878 /* ProfessionsOutput.swift */ = {isa = PBXFileReference; lastKnownFileType = sourcecode.swift; path = ProfessionsOutput.swift; sourceTree = "<group>"; };
		B992602A2353AAE2000EE878 /* ProfessionsPresenter.swift */ = {isa = PBXFileReference; lastKnownFileType = sourcecode.swift; path = ProfessionsPresenter.swift; sourceTree = "<group>"; };
/* End PBXFileReference section */

/* Begin PBXFrameworksBuildPhase section */
		99EDBFFE233372EB007855C4 /* Frameworks */ = {
			isa = PBXFrameworksBuildPhase;
			buildActionMask = 2147483647;
			files = (
				F67D503C5600D139881FE953 /* Pods_Spells.framework in Frameworks */,
			);
			runOnlyForDeploymentPostprocessing = 0;
		};
		99EDC014233372EC007855C4 /* Frameworks */ = {
			isa = PBXFrameworksBuildPhase;
			buildActionMask = 2147483647;
			files = (
				82E633952F909330B06CF3E5 /* Pods_SpellsTests.framework in Frameworks */,
			);
			runOnlyForDeploymentPostprocessing = 0;
		};
/* End PBXFrameworksBuildPhase section */

/* Begin PBXGroup section */
		991358D223423B1300F04668 /* SpellbookList */ = {
			isa = PBXGroup;
			children = (
				991358D423423B2D00F04668 /* Presenter */,
				991358D323423B2900F04668 /* View */,
			);
			path = SpellbookList;
			sourceTree = "<group>";
		};
		991358D323423B2900F04668 /* View */ = {
			isa = PBXGroup;
			children = (
				99E79A912343328700A0995B /* Cell */,
				99B76BBA234336B100397846 /* SpellbookListInput.swift */,
				991358D523423B4300F04668 /* SpellbookListVC.swift */,
				991358D623423B4300F04668 /* SpellbookListVC.xib */,
			);
			path = View;
			sourceTree = "<group>";
		};
		991358D423423B2D00F04668 /* Presenter */ = {
			isa = PBXGroup;
			children = (
				99B76BB62343369200397846 /* SpellbookListOutput.swift */,
				99B76BB82343369C00397846 /* SpellbookListPresenter.swift */,
			);
			path = Presenter;
			sourceTree = "<group>";
		};
		99337936233B6B2B00907090 /* Spell */ = {
			isa = PBXGroup;
			children = (
				99337938233B6B5600907090 /* Presenter */,
				99337937233B6B4700907090 /* View */,
			);
			path = Spell;
			sourceTree = "<group>";
		};
		99337937233B6B4700907090 /* View */ = {
			isa = PBXGroup;
			children = (
				9933793D233B6B7900907090 /* SpellInput.swift */,
				99337939233B6B6D00907090 /* SpellVC.swift */,
				9933793A233B6B6D00907090 /* SpellVC.xib */,
			);
			path = View;
			sourceTree = "<group>";
		};
		99337938233B6B5600907090 /* Presenter */ = {
			isa = PBXGroup;
			children = (
				99A98544234384DC00849B4A /* SpellOutput.swift */,
				99A98546234384E900849B4A /* SpellPresenter.swift */,
			);
			path = Presenter;
			sourceTree = "<group>";
		};
		99337941233B95A200907090 /* Filter */ = {
			isa = PBXGroup;
			children = (
				99337943233B95AD00907090 /* Presenter */,
				99337942233B95A800907090 /* View */,
			);
			path = Filter;
			sourceTree = "<group>";
		};
		99337942233B95A800907090 /* View */ = {
			isa = PBXGroup;
			children = (
				99337948233B95D400907090 /* FilterInput.swift */,
				99337944233B95C600907090 /* FilterVC.swift */,
				99337945233B95C600907090 /* FilterVC.xib */,
			);
			path = View;
			sourceTree = "<group>";
		};
		99337943233B95AD00907090 /* Presenter */ = {
			isa = PBXGroup;
			children = (
				9993D17F233CA357004C9E03 /* FilterOutput.swift */,
				9993D181233CA360004C9E03 /* FilterPresenter.swift */,
				9993D183233CAC60004C9E03 /* Filter.swift */,
			);
			path = Presenter;
			sourceTree = "<group>";
		};
		9933794A233BA5ED00907090 /* View */ = {
			isa = PBXGroup;
			children = (
				9933794B233BA62900907090 /* FilterLevelView.swift */,
			);
			path = View;
			sourceTree = "<group>";
		};
		99345D1D233A15D4003CFD96 /* Presenter */ = {
			isa = PBXGroup;
			children = (
				99345D1E233A15E5003CFD96 /* SpellListOutput.swift */,
				99345D20233A15F5003CFD96 /* SpellListPresenter.swift */,
			);
			path = Presenter;
			sourceTree = "<group>";
		};
		99345D29233A557A003CFD96 /* TextField */ = {
			isa = PBXGroup;
			children = (
				99345D2A233A5595003CFD96 /* SearchTextField.swift */,
			);
			path = TextField;
			sourceTree = "<group>";
		};
		9946330C23420A650057B879 /* FilterBooks */ = {
			isa = PBXGroup;
			children = (
				9946330E23420A740057B879 /* Presenter */,
				9946330D23420A700057B879 /* View */,
			);
			path = FilterBooks;
			sourceTree = "<group>";
		};
		9946330D23420A700057B879 /* View */ = {
			isa = PBXGroup;
			children = (
				9946331323420E170057B879 /* FilterBookInput.swift */,
				9946330F23420E0C0057B879 /* FilterBookVC.swift */,
				9946331023420E0C0057B879 /* FilterBookVC.xib */,
			);
			path = View;
			sourceTree = "<group>";
		};
		9946330E23420A740057B879 /* Presenter */ = {
			isa = PBXGroup;
			children = (
				9946331523420E240057B879 /* FilterBookOutput.swift */,
				9946331723420E2B0057B879 /* FilterBookPresenter.swift */,
			);
			path = Presenter;
			sourceTree = "<group>";
		};
		998C0A99234F3B6B00BAD31D /* Description */ = {
			isa = PBXGroup;
			children = (
				998C0A9C234F3B7C00BAD31D /* Presenter */,
				998C0A9A234F3B7400BAD31D /* View */,
			);
			path = Description;
			sourceTree = "<group>";
		};
		998C0A9A234F3B7400BAD31D /* View */ = {
			isa = PBXGroup;
			children = (
				998C0A9D234F3B9400BAD31D /* DescriptionCSInput.swift */,
				998C0A9F234F3BB600BAD31D /* DescriptionCSVC.swift */,
				998C0AA0234F3BB600BAD31D /* DescriptionCSVC.xib */,
			);
			path = View;
			sourceTree = "<group>";
		};
		998C0A9C234F3B7C00BAD31D /* Presenter */ = {
			isa = PBXGroup;
			children = (
				998C0AA3234F3BCB00BAD31D /* DescriptionCSOutput.swift */,
				998C0AA5234F3BD900BAD31D /* DescriptionCSPresenter.swift */,
			);
			path = Presenter;
			sourceTree = "<group>";
		};
		9993D178233C95EB004C9E03 /* Tags */ = {
			isa = PBXGroup;
			children = (
				9993D179233C95FE004C9E03 /* IOTagCell.swift */,
				9993D17A233C95FE004C9E03 /* IOTagCell.xib */,
				9993D17B233C95FE004C9E03 /* IOTags.swift */,
			);
			path = Tags;
			sourceTree = "<group>";
		};
		99B76BBC23433E2300397846 /* Spellbook */ = {
			isa = PBXGroup;
			children = (
				99B76BBE23433E3400397846 /* Presenter */,
				99B76BBD23433E2D00397846 /* View */,
			);
			path = Spellbook;
			sourceTree = "<group>";
		};
		99B76BBD23433E2D00397846 /* View */ = {
			isa = PBXGroup;
			children = (
				99B76BC323433E5900397846 /* SpellbookInput.swift */,
				99B76BBF23433E4B00397846 /* SpellbookVC.swift */,
				99B76BC023433E4B00397846 /* SpellbookVC.xib */,
			);
			path = View;
			sourceTree = "<group>";
		};
		99B76BBE23433E3400397846 /* Presenter */ = {
			isa = PBXGroup;
			children = (
				99B76BC523433E6C00397846 /* SpellbookOutput.swift */,
				99B76BC723433E7C00397846 /* SpellbookPresenter.swift */,
			);
			path = Presenter;
			sourceTree = "<group>";
		};
		99B76BC92343527700397846 /* AddInSpellbookVC */ = {
			isa = PBXGroup;
			children = (
				99B76BCB2343529C00397846 /* Presenter */,
				99B76BCA2343529600397846 /* View */,
			);
			path = AddInSpellbookVC;
			sourceTree = "<group>";
		};
		99B76BCA2343529600397846 /* View */ = {
			isa = PBXGroup;
			children = (
				99B76BD62343673300397846 /* Cell */,
				99B76BD0234352C900397846 /* AddInSpellbookInput.swift */,
				99B76BCC234352B400397846 /* AddInSpellbookVC.swift */,
				99B76BCD234352B400397846 /* AddInSpellbookVC.xib */,
			);
			path = View;
			sourceTree = "<group>";
		};
		99B76BCB2343529C00397846 /* Presenter */ = {
			isa = PBXGroup;
			children = (
				99B76BD2234352E200397846 /* AddInSpellbookOutput.swift */,
				99B76BD4234352ED00397846 /* AddInSpellbookPresenter.swift */,
			);
			path = Presenter;
			sourceTree = "<group>";
		};
		99B76BD62343673300397846 /* Cell */ = {
			isa = PBXGroup;
			children = (
				99B76BD72343675500397846 /* SpellbookInMenuCell.swift */,
				99B76BD82343675500397846 /* SpellbookInMenuCell.xib */,
			);
			path = Cell;
			sourceTree = "<group>";
		};
		99B76BDB23437BA600397846 /* TabBar */ = {
			isa = PBXGroup;
			children = (
				99B76BDC23437BBB00397846 /* TabBarService.swift */,
			);
			path = TabBar;
			sourceTree = "<group>";
		};
		99B76BE023437D4300397846 /* Presenter */ = {
			isa = PBXGroup;
			children = (
				99A9854023437D9B00849B4A /* TabBarWithPopupMenuOutput.swift */,
				99A9854223437DA600849B4A /* TabBarWithPopupMenuPresenter.swift */,
			);
			path = Presenter;
			sourceTree = "<group>";
		};
		99B76BE123437D4A00397846 /* View */ = {
			isa = PBXGroup;
			children = (
				99EDC0462333871B007855C4 /* TabBarWithPopupMenu.swift */,
				99B76BDE23437D3300397846 /* TabBarWithPopupMenuInput.swift */,
			);
			path = View;
			sourceTree = "<group>";
		};
		99C627AC23509D3500108411 /* Params */ = {
			isa = PBXGroup;
			children = (
				99C627AE23509D4200108411 /* Presenter */,
				99C627AD23509D3C00108411 /* View */,
			);
			path = Params;
			sourceTree = "<group>";
		};
		99C627AD23509D3C00108411 /* View */ = {
			isa = PBXGroup;
			children = (
				99C627AF23509D5000108411 /* ParamsInput.swift */,
				99C627B123509D6400108411 /* ParamsVC.swift */,
				99C627B223509D6400108411 /* ParamsVC.xib */,
			);
			path = View;
			sourceTree = "<group>";
		};
		99C627AE23509D4200108411 /* Presenter */ = {
			isa = PBXGroup;
			children = (
				99C627B523509D9200108411 /* ParamsOutput.swift */,
				99C627B723509D9E00108411 /* ParamsPresenter.swift */,
			);
			path = Presenter;
			sourceTree = "<group>";
		};
		99C627B92350BD9B00108411 /* Components */ = {
			isa = PBXGroup;
			children = (
				99C627BB2350BDA900108411 /* Presenter */,
				99C627BA2350BDA400108411 /* View */,
			);
			path = Components;
			sourceTree = "<group>";
		};
		99C627BA2350BDA400108411 /* View */ = {
			isa = PBXGroup;
			children = (
				99C627BC2350BDB900108411 /* ComponentsInput.swift */,
				99C627BE2350BDC800108411 /* ComponentsVC.swift */,
				99C627BF2350BDC800108411 /* ComponentsVC.xib */,
			);
			path = View;
			sourceTree = "<group>";
		};
		99C627BB2350BDA900108411 /* Presenter */ = {
			isa = PBXGroup;
			children = (
				99C627C22350BDFD00108411 /* ComponentsOutput.swift */,
				99C627C42350BE0900108411 /* ComponentsPresenter.swift */,
			);
			path = Presenter;
			sourceTree = "<group>";
		};
		99D6063B234F201D004AA4A4 /* CreateSpell */ = {
			isa = PBXGroup;
			children = (
				B992601F2351C10D000EE878 /* Professions */,
				99C627B92350BD9B00108411 /* Components */,
				99C627AC23509D3500108411 /* Params */,
				998C0A99234F3B6B00BAD31D /* Description */,
				99D6063C234F202E004AA4A4 /* Name */,
				99D6064B234F2680004AA4A4 /* CreateSpell.storyboard */,
			);
			path = CreateSpell;
			sourceTree = "<group>";
		};
		99D6063C234F202E004AA4A4 /* Name */ = {
			isa = PBXGroup;
			children = (
				99D6063E234F203B004AA4A4 /* Presenter */,
				99D6063D234F2037004AA4A4 /* View */,
			);
			path = Name;
			sourceTree = "<group>";
		};
		99D6063D234F2037004AA4A4 /* View */ = {
			isa = PBXGroup;
			children = (
				99D6063F234F20EE004AA4A4 /* NameCSInput.swift */,
				99D60641234F2104004AA4A4 /* NameCSVC.swift */,
				99D60642234F2104004AA4A4 /* NameCSVC.xib */,
			);
			path = View;
			sourceTree = "<group>";
		};
		99D6063E234F203B004AA4A4 /* Presenter */ = {
			isa = PBXGroup;
			children = (
				99D60645234F2145004AA4A4 /* NameCSOutput.swift */,
				99D60647234F2150004AA4A4 /* NameCSPresenter.swift */,
			);
			path = Presenter;
			sourceTree = "<group>";
		};
		99E79A912343328700A0995B /* Cell */ = {
			isa = PBXGroup;
			children = (
				99B76BB2234332CF00397846 /* SpellbookCell.swift */,
				99B76BB3234332CF00397846 /* SpellbookCell.xib */,
			);
			path = Cell;
			sourceTree = "<group>";
		};
		99EDBFF8233372EB007855C4 = {
			isa = PBXGroup;
			children = (
				99EDC003233372EB007855C4 /* Spells */,
				99EDC01A233372EC007855C4 /* SpellsTests */,
				99EDC002233372EB007855C4 /* Products */,
				C05196CEA92E5FBEF63857ED /* Pods */,
				E04CC7DD9DBEF674077E4330 /* Frameworks */,
			);
			sourceTree = "<group>";
		};
		99EDC002233372EB007855C4 /* Products */ = {
			isa = PBXGroup;
			children = (
				99EDC001233372EB007855C4 /* Spells.app */,
				99EDC017233372EC007855C4 /* SpellsTests.xctest */,
			);
			name = Products;
			sourceTree = "<group>";
		};
		99EDC003233372EB007855C4 /* Spells */ = {
			isa = PBXGroup;
			children = (
				99EDC0282333754E007855C4 /* Core */,
				99EDC02723337464007855C4 /* System */,
				99EDC0262333745A007855C4 /* Resources */,
				B914423A2335206500C68557 /* Stories */,
				99EDC00A233372EB007855C4 /* Main.storyboard */,
				99EDC0552333A7FE007855C4 /* ViewController.swift */,
				99EDC0562333A7FE007855C4 /* ViewController.xib */,
			);
			path = Spells;
			sourceTree = "<group>";
		};
		99EDC01A233372EC007855C4 /* SpellsTests */ = {
			isa = PBXGroup;
			children = (
				99EDC01B233372EC007855C4 /* SpellsTests.swift */,
				99EDC01D233372EC007855C4 /* Info.plist */,
			);
			path = SpellsTests;
			sourceTree = "<group>";
		};
		99EDC0262333745A007855C4 /* Resources */ = {
			isa = PBXGroup;
			children = (
				9946330A2342027D0057B879 /* Error.json */,
				99EDC00D233372EC007855C4 /* Assets.xcassets */,
				99EDC043233378D2007855C4 /* Colors.xcassets */,
				99EDC0482333885D007855C4 /* TabBar.xcassets */,
			);
			path = Resources;
			sourceTree = "<group>";
		};
		99EDC02723337464007855C4 /* System */ = {
			isa = PBXGroup;
			children = (
				99EDC004233372EB007855C4 /* AppDelegate.swift */,
				99EDC00F233372EC007855C4 /* LaunchScreen.storyboard */,
				99EDC012233372EC007855C4 /* Info.plist */,
			);
			path = System;
			sourceTree = "<group>";
		};
		99EDC0282333754E007855C4 /* Core */ = {
			isa = PBXGroup;
			children = (
				B98EF37023353F13008E81ED /* Language.swift */,
				B98EF36523353D3B008E81ED /* Protocols */,
				B914421A23351DE500C68557 /* Service */,
				99EDC05123339C1F007855C4 /* ViewController */,
				99EDC04D233390F7007855C4 /* Extension */,
				99EDC02923337553007855C4 /* UI */,
			);
			path = Core;
			sourceTree = "<group>";
		};
		99EDC02923337553007855C4 /* UI */ = {
			isa = PBXGroup;
			children = (
				9993D178233C95EB004C9E03 /* Tags */,
				9933794A233BA5ED00907090 /* View */,
				99345D29233A557A003CFD96 /* TextField */,
				99EDC04A23339012007855C4 /* Button */,
				99EDC02A23337559007855C4 /* Label */,
			);
			path = UI;
			sourceTree = "<group>";
		};
		99EDC02A23337559007855C4 /* Label */ = {
			isa = PBXGroup;
			children = (
				99EDC02C23337583007855C4 /* Header1.swift */,
				99EDC02D23337583007855C4 /* Header2.swift */,
				99EDC02B23337583007855C4 /* Text.swift */,
				99EDC02E23337583007855C4 /* Text2.swift */,
				99EDC033233375C6007855C4 /* TextPush.swift */,
				99EDC035233375E0007855C4 /* TextTag.swift */,
				99EDC037233375F7007855C4 /* TextSearch.swift */,
				99EDC03923337613007855C4 /* TextModal.swift */,
				99EDC03B23337635007855C4 /* HeaderBottom.swift */,
				99EDC03D23337673007855C4 /* TextBoldFilter.swift */,
				99EDC03F23337695007855C4 /* TextFilter.swift */,
				99EDC041233376B9007855C4 /* HeaderBottom2.swift */,
			);
			path = Label;
			sourceTree = "<group>";
		};
		99EDC045233386EA007855C4 /* CustomTabBarController */ = {
			isa = PBXGroup;
			children = (
				99B76BE023437D4300397846 /* Presenter */,
				99B76BE123437D4A00397846 /* View */,
			);
			path = CustomTabBarController;
			sourceTree = "<group>";
		};
		99EDC04A23339012007855C4 /* Button */ = {
			isa = PBXGroup;
			children = (
				99EDC04B23339029007855C4 /* PlusButton.swift */,
				99D60649234F2195004AA4A4 /* NextButton.swift */,
			);
			path = Button;
			sourceTree = "<group>";
		};
		99EDC04D233390F7007855C4 /* Extension */ = {
			isa = PBXGroup;
			children = (
				99EDC04E2333910A007855C4 /* UIColor+Palette.swift */,
				99345D25233A27A0003CFD96 /* UIView+Radius.swift */,
				9938B23E233CE89A0073B574 /* Int+Declension.swift */,
				9909445F234B8EC400EBE375 /* SPStorkTransitioningDelegate+Default.swift */,
				998C0A97234F392200BAD31D /* UIAlertController+defaultError.swift */,
			);
			path = Extension;
			sourceTree = "<group>";
		};
		99EDC05123339C1F007855C4 /* ViewController */ = {
			isa = PBXGroup;
			children = (
				99B76BC92343527700397846 /* AddInSpellbookVC */,
				99EDC045233386EA007855C4 /* CustomTabBarController */,
				99EDC0592333CAA4007855C4 /* CreateListVC */,
				99EDC05223339C2A007855C4 /* PopupVC */,
			);
			path = ViewController;
			sourceTree = "<group>";
		};
		99EDC05223339C2A007855C4 /* PopupVC */ = {
			isa = PBXGroup;
			children = (
				99EDC05323339C96007855C4 /* PopupMenuVC.swift */,
			);
			path = PopupVC;
			sourceTree = "<group>";
		};
		99EDC0592333CAA4007855C4 /* CreateListVC */ = {
			isa = PBXGroup;
			children = (
				B91442102335173900C68557 /* Presenter */,
				B96420532335171B00B825E2 /* View */,
			);
			path = CreateListVC;
			sourceTree = "<group>";
		};
		99F69F4E2346278A00A077DE /* CreateSpellbook */ = {
			isa = PBXGroup;
			children = (
				99F69F50234627A100A077DE /* Presenter */,
				99F69F4F2346279D00A077DE /* View */,
			);
			path = CreateSpellbook;
			sourceTree = "<group>";
		};
		99F69F4F2346279D00A077DE /* View */ = {
			isa = PBXGroup;
			children = (
				99F69F51234627B200A077DE /* CreateSpellbookInput.swift */,
				99F69F532346348F00A077DE /* CreateSpellbookVC.swift */,
				99F69F542346348F00A077DE /* CreateSpellbookVC.xib */,
			);
			path = View;
			sourceTree = "<group>";
		};
		99F69F50234627A100A077DE /* Presenter */ = {
			isa = PBXGroup;
			children = (
				99F69F592346411200A077DE /* CreateSpellbookOutput.swift */,
				99F69F5B2346412900A077DE /* CreateSpellbookPresenter.swift */,
			);
			path = Presenter;
			sourceTree = "<group>";
		};
		B91442102335173900C68557 /* Presenter */ = {
			isa = PBXGroup;
			children = (
				B91442132335175B00C68557 /* CreateListOutput.swift */,
				B91442152335176400C68557 /* CreateListPresenter.swift */,
			);
			path = Presenter;
			sourceTree = "<group>";
		};
		B914421A23351DE500C68557 /* Service */ = {
			isa = PBXGroup;
			children = (
				99B76BDB23437BA600397846 /* TabBar */,
				B914421D23351F9600C68557 /* Spells */,
			);
			path = Service;
			sourceTree = "<group>";
		};
		B914421D23351F9600C68557 /* Spells */ = {
			isa = PBXGroup;
			children = (
				B914424823353B6400C68557 /* Models */,
				B914421E23351F9F00C68557 /* Resources */,
				B914421B23351E0D00C68557 /* SpellService.swift */,
			);
			path = Spells;
			sourceTree = "<group>";
		};
		B914421E23351F9F00C68557 /* Resources */ = {
			isa = PBXGroup;
			children = (
				99345D27233A31E9003CFD96 /* Spell.json */,
			);
			path = Resources;
			sourceTree = "<group>";
		};
		B914423A2335206500C68557 /* Stories */ = {
			isa = PBXGroup;
			children = (
				99F69F4E2346278A00A077DE /* CreateSpellbook */,
				99D6063B234F201D004AA4A4 /* CreateSpell */,
				99B76BBC23433E2300397846 /* Spellbook */,
				991358D223423B1300F04668 /* SpellbookList */,
				9946330C23420A650057B879 /* FilterBooks */,
				99337941233B95A200907090 /* Filter */,
				99337936233B6B2B00907090 /* Spell */,
				B914423B2335207600C68557 /* SpellList */,
			);
			path = Stories;
			sourceTree = "<group>";
		};
		B914423B2335207600C68557 /* SpellList */ = {
			isa = PBXGroup;
			children = (
				99345D1D233A15D4003CFD96 /* Presenter */,
				B914423C2335207E00C68557 /* View */,
			);
			path = SpellList;
			sourceTree = "<group>";
		};
		B914423C2335207E00C68557 /* View */ = {
			isa = PBXGroup;
			children = (
				B9144243233521AD00C68557 /* Cell */,
				B9144241233520B400C68557 /* SpellListInput.swift */,
				B914423D2335209A00C68557 /* SpellListVC.swift */,
				B914423E2335209A00C68557 /* SpellListVC.xib */,
			);
			path = View;
			sourceTree = "<group>";
		};
		B9144243233521AD00C68557 /* Cell */ = {
			isa = PBXGroup;
			children = (
				B9144244233521C300C68557 /* SpellCell.swift */,
				B9144245233521C300C68557 /* SpellCell.xib */,
			);
			path = Cell;
			sourceTree = "<group>";
		};
		B914424823353B6400C68557 /* Models */ = {
			isa = PBXGroup;
			children = (
				B98EF36C23353E6C008E81ED /* Book.swift */,
				B98EF37223353FF9008E81ED /* Component.swift */,
				B98EF374233541F2008E81ED /* Profession.swift */,
				B98EF37623354436008E81ED /* School.swift */,
				B98EF3782335F00C008E81ED /* Spell.swift */,
				99829B4A233A040900E0D725 /* SpellRealm.swift */,
				991358DA234251BC00F04668 /* SpellbookRealm.swift */,
				991358DC2342522900F04668 /* Spellbook.swift */,
			);
			path = Models;
			sourceTree = "<group>";
		};
		B96420532335171B00B825E2 /* View */ = {
			isa = PBXGroup;
			children = (
				B91442112335174D00C68557 /* CreateListInput.swift */,
				99EDC05A2333CABD007855C4 /* CreateListVC.swift */,
				99EDC05B2333CABD007855C4 /* CreateListVC.xib */,
			);
			path = View;
			sourceTree = "<group>";
		};
		B98EF36523353D3B008E81ED /* Protocols */ = {
			isa = PBXGroup;
			children = (
				B98EF36723353D47008E81ED /* Exported.swift */,
				B98EF36623353D47008E81ED /* Imported.swift */,
			);
			path = Protocols;
			sourceTree = "<group>";
		};
		B992601F2351C10D000EE878 /* Professions */ = {
			isa = PBXGroup;
			children = (
				B99260212351C11B000EE878 /* Presenter */,
				B99260202351C117000EE878 /* View */,
			);
			path = Professions;
			sourceTree = "<group>";
		};
		B99260202351C117000EE878 /* View */ = {
			isa = PBXGroup;
			children = (
				B99260222351C133000EE878 /* ProfessionInput.swift */,
				B99260242351C16B000EE878 /* ProfessionsVC.swift */,
				B99260252351C16B000EE878 /* ProfessionsVC.xib */,
			);
			path = View;
			sourceTree = "<group>";
		};
		B99260212351C11B000EE878 /* Presenter */ = {
			isa = PBXGroup;
			children = (
				B99260282351C1A8000EE878 /* ProfessionsOutput.swift */,
				B992602A2353AAE2000EE878 /* ProfessionsPresenter.swift */,
			);
			path = Presenter;
			sourceTree = "<group>";
		};
		C05196CEA92E5FBEF63857ED /* Pods */ = {
			isa = PBXGroup;
			children = (
				0112B2A897F21E1CC4029C5C /* Pods-Spells.debug.xcconfig */,
				AB920D05A7EBF50A84C203E5 /* Pods-Spells.release.xcconfig */,
				AEF7CF8F6B61ED52E4FDFC1D /* Pods-SpellsTests.debug.xcconfig */,
				6C9E4AE86B3C81D82740A67A /* Pods-SpellsTests.release.xcconfig */,
			);
			path = Pods;
			sourceTree = "<group>";
		};
		E04CC7DD9DBEF674077E4330 /* Frameworks */ = {
			isa = PBXGroup;
			children = (
				74DDF22D573CA7006A845975 /* Pods_Spells.framework */,
				4901326D67798CC528653667 /* Pods_SpellsTests.framework */,
			);
			name = Frameworks;
			sourceTree = "<group>";
		};
/* End PBXGroup section */

/* Begin PBXNativeTarget section */
		99EDC000233372EB007855C4 /* Spells */ = {
			isa = PBXNativeTarget;
			buildConfigurationList = 99EDC020233372EC007855C4 /* Build configuration list for PBXNativeTarget "Spells" */;
			buildPhases = (
				B125D4186EC974600C6C6282 /* [CP] Check Pods Manifest.lock */,
				99EDBFFD233372EB007855C4 /* Sources */,
				99EDBFFE233372EB007855C4 /* Frameworks */,
				99EDBFFF233372EB007855C4 /* Resources */,
				842A0D257C083627BB25D23B /* [CP] Embed Pods Frameworks */,
			);
			buildRules = (
			);
			dependencies = (
			);
			name = Spells;
			productName = Spells;
			productReference = 99EDC001233372EB007855C4 /* Spells.app */;
			productType = "com.apple.product-type.application";
		};
		99EDC016233372EC007855C4 /* SpellsTests */ = {
			isa = PBXNativeTarget;
			buildConfigurationList = 99EDC023233372EC007855C4 /* Build configuration list for PBXNativeTarget "SpellsTests" */;
			buildPhases = (
				A8E9E3BA5D2C8ABAECB58107 /* [CP] Check Pods Manifest.lock */,
				99EDC013233372EC007855C4 /* Sources */,
				99EDC014233372EC007855C4 /* Frameworks */,
				99EDC015233372EC007855C4 /* Resources */,
			);
			buildRules = (
			);
			dependencies = (
				99EDC019233372EC007855C4 /* PBXTargetDependency */,
			);
			name = SpellsTests;
			productName = SpellsTests;
			productReference = 99EDC017233372EC007855C4 /* SpellsTests.xctest */;
			productType = "com.apple.product-type.bundle.unit-test";
		};
/* End PBXNativeTarget section */

/* Begin PBXProject section */
		99EDBFF9233372EB007855C4 /* Project object */ = {
			isa = PBXProject;
			attributes = {
				LastSwiftUpdateCheck = 1030;
				LastUpgradeCheck = 1030;
				ORGANIZATIONNAME = "Sergey Melnikov";
				TargetAttributes = {
					99EDC000233372EB007855C4 = {
						CreatedOnToolsVersion = 10.3;
					};
					99EDC016233372EC007855C4 = {
						CreatedOnToolsVersion = 10.3;
						TestTargetID = 99EDC000233372EB007855C4;
					};
				};
			};
			buildConfigurationList = 99EDBFFC233372EB007855C4 /* Build configuration list for PBXProject "Spells" */;
			compatibilityVersion = "Xcode 9.3";
			developmentRegion = en;
			hasScannedForEncodings = 0;
			knownRegions = (
				en,
				Base,
			);
			mainGroup = 99EDBFF8233372EB007855C4;
			productRefGroup = 99EDC002233372EB007855C4 /* Products */;
			projectDirPath = "";
			projectRoot = "";
			targets = (
				99EDC000233372EB007855C4 /* Spells */,
				99EDC016233372EC007855C4 /* SpellsTests */,
			);
		};
/* End PBXProject section */

/* Begin PBXResourcesBuildPhase section */
		99EDBFFF233372EB007855C4 /* Resources */ = {
			isa = PBXResourcesBuildPhase;
			buildActionMask = 2147483647;
			files = (
				99337947233B95C600907090 /* FilterVC.xib in Resources */,
				99C627B423509D6400108411 /* ParamsVC.xib in Resources */,
				99EDC011233372EC007855C4 /* LaunchScreen.storyboard in Resources */,
				99EDC044233378D2007855C4 /* Colors.xcassets in Resources */,
				B9144247233521C300C68557 /* SpellCell.xib in Resources */,
				991358D823423B4300F04668 /* SpellbookListVC.xib in Resources */,
				99EDC0492333885D007855C4 /* TabBar.xcassets in Resources */,
				99B76BC223433E4B00397846 /* SpellbookVC.xib in Resources */,
				99D6064C234F2680004AA4A4 /* CreateSpell.storyboard in Resources */,
				99B76BDA2343675500397846 /* SpellbookInMenuCell.xib in Resources */,
				99B76BCF234352B400397846 /* AddInSpellbookVC.xib in Resources */,
				B99260272351C16B000EE878 /* ProfessionsVC.xib in Resources */,
				B91442402335209A00C68557 /* SpellListVC.xib in Resources */,
				99EDC05D2333CABD007855C4 /* CreateListVC.xib in Resources */,
				99EDC00E233372EC007855C4 /* Assets.xcassets in Resources */,
				9993D17D233C95FE004C9E03 /* IOTagCell.xib in Resources */,
				99F69F562346348F00A077DE /* CreateSpellbookVC.xib in Resources */,
				99B76BB5234332CF00397846 /* SpellbookCell.xib in Resources */,
				9946331223420E0C0057B879 /* FilterBookVC.xib in Resources */,
				9933793C233B6B6D00907090 /* SpellVC.xib in Resources */,
				99D60644234F2104004AA4A4 /* NameCSVC.xib in Resources */,
				9946330B2342027D0057B879 /* Error.json in Resources */,
				99EDC0582333A7FE007855C4 /* ViewController.xib in Resources */,
				99345D28233A31EA003CFD96 /* Spell.json in Resources */,
				99EDC00C233372EB007855C4 /* Main.storyboard in Resources */,
				99C627C12350BDC800108411 /* ComponentsVC.xib in Resources */,
				998C0AA2234F3BB600BAD31D /* DescriptionCSVC.xib in Resources */,
			);
			runOnlyForDeploymentPostprocessing = 0;
		};
		99EDC015233372EC007855C4 /* Resources */ = {
			isa = PBXResourcesBuildPhase;
			buildActionMask = 2147483647;
			files = (
			);
			runOnlyForDeploymentPostprocessing = 0;
		};
/* End PBXResourcesBuildPhase section */

/* Begin PBXShellScriptBuildPhase section */
		842A0D257C083627BB25D23B /* [CP] Embed Pods Frameworks */ = {
			isa = PBXShellScriptBuildPhase;
			buildActionMask = 2147483647;
			files = (
			);
			inputFileListPaths = (
				"${PODS_ROOT}/Target Support Files/Pods-Spells/Pods-Spells-frameworks-${CONFIGURATION}-input-files.xcfilelist",
			);
			name = "[CP] Embed Pods Frameworks";
			outputFileListPaths = (
				"${PODS_ROOT}/Target Support Files/Pods-Spells/Pods-Spells-frameworks-${CONFIGURATION}-output-files.xcfilelist",
			);
			runOnlyForDeploymentPostprocessing = 0;
			shellPath = /bin/sh;
			shellScript = "\"${PODS_ROOT}/Target Support Files/Pods-Spells/Pods-Spells-frameworks.sh\"\n";
			showEnvVarsInLog = 0;
		};
		A8E9E3BA5D2C8ABAECB58107 /* [CP] Check Pods Manifest.lock */ = {
			isa = PBXShellScriptBuildPhase;
			buildActionMask = 2147483647;
			files = (
			);
			inputFileListPaths = (
			);
			inputPaths = (
				"${PODS_PODFILE_DIR_PATH}/Podfile.lock",
				"${PODS_ROOT}/Manifest.lock",
			);
			name = "[CP] Check Pods Manifest.lock";
			outputFileListPaths = (
			);
			outputPaths = (
				"$(DERIVED_FILE_DIR)/Pods-SpellsTests-checkManifestLockResult.txt",
			);
			runOnlyForDeploymentPostprocessing = 0;
			shellPath = /bin/sh;
			shellScript = "diff \"${PODS_PODFILE_DIR_PATH}/Podfile.lock\" \"${PODS_ROOT}/Manifest.lock\" > /dev/null\nif [ $? != 0 ] ; then\n    # print error to STDERR\n    echo \"error: The sandbox is not in sync with the Podfile.lock. Run 'pod install' or update your CocoaPods installation.\" >&2\n    exit 1\nfi\n# This output is used by Xcode 'outputs' to avoid re-running this script phase.\necho \"SUCCESS\" > \"${SCRIPT_OUTPUT_FILE_0}\"\n";
			showEnvVarsInLog = 0;
		};
		B125D4186EC974600C6C6282 /* [CP] Check Pods Manifest.lock */ = {
			isa = PBXShellScriptBuildPhase;
			buildActionMask = 2147483647;
			files = (
			);
			inputFileListPaths = (
			);
			inputPaths = (
				"${PODS_PODFILE_DIR_PATH}/Podfile.lock",
				"${PODS_ROOT}/Manifest.lock",
			);
			name = "[CP] Check Pods Manifest.lock";
			outputFileListPaths = (
			);
			outputPaths = (
				"$(DERIVED_FILE_DIR)/Pods-Spells-checkManifestLockResult.txt",
			);
			runOnlyForDeploymentPostprocessing = 0;
			shellPath = /bin/sh;
			shellScript = "diff \"${PODS_PODFILE_DIR_PATH}/Podfile.lock\" \"${PODS_ROOT}/Manifest.lock\" > /dev/null\nif [ $? != 0 ] ; then\n    # print error to STDERR\n    echo \"error: The sandbox is not in sync with the Podfile.lock. Run 'pod install' or update your CocoaPods installation.\" >&2\n    exit 1\nfi\n# This output is used by Xcode 'outputs' to avoid re-running this script phase.\necho \"SUCCESS\" > \"${SCRIPT_OUTPUT_FILE_0}\"\n";
			showEnvVarsInLog = 0;
		};
/* End PBXShellScriptBuildPhase section */

/* Begin PBXSourcesBuildPhase section */
		99EDBFFD233372EB007855C4 /* Sources */ = {
			isa = PBXSourcesBuildPhase;
			buildActionMask = 2147483647;
			files = (
				99B76BBB234336B100397846 /* SpellbookListInput.swift in Sources */,
				B91442142335175B00C68557 /* CreateListOutput.swift in Sources */,
				99094460234B8EC400EBE375 /* SPStorkTransitioningDelegate+Default.swift in Sources */,
				99EDC03223337583007855C4 /* Text2.swift in Sources */,
				99337949233B95D400907090 /* FilterInput.swift in Sources */,
				998C0AA1234F3BB600BAD31D /* DescriptionCSVC.swift in Sources */,
				991358D723423B4300F04668 /* SpellbookListVC.swift in Sources */,
				B91442162335176400C68557 /* CreateListPresenter.swift in Sources */,
				9993D180233CA357004C9E03 /* FilterOutput.swift in Sources */,
				99D60643234F2104004AA4A4 /* NameCSVC.swift in Sources */,
				99B76BB92343369C00397846 /* SpellbookListPresenter.swift in Sources */,
				9946331423420E170057B879 /* FilterBookInput.swift in Sources */,
				99EDC02F23337583007855C4 /* Text.swift in Sources */,
				99B76BDF23437D3300397846 /* TabBarWithPopupMenuInput.swift in Sources */,
				9946331123420E0C0057B879 /* FilterBookVC.swift in Sources */,
				99345D21233A15F5003CFD96 /* SpellListPresenter.swift in Sources */,
				99EDC005233372EB007855C4 /* AppDelegate.swift in Sources */,
				991358DB234251BC00F04668 /* SpellbookRealm.swift in Sources */,
				99EDC03023337583007855C4 /* Header1.swift in Sources */,
				9946331623420E240057B879 /* FilterBookOutput.swift in Sources */,
				9938B23F233CE89A0073B574 /* Int+Declension.swift in Sources */,
				B98EF36D23353E6C008E81ED /* Book.swift in Sources */,
				99829B4B233A040900E0D725 /* SpellRealm.swift in Sources */,
				99C627B323509D6400108411 /* ParamsVC.swift in Sources */,
				99D60640234F20EE004AA4A4 /* NameCSInput.swift in Sources */,
				99EDC036233375E1007855C4 /* TextTag.swift in Sources */,
				B98EF375233541F2008E81ED /* Profession.swift in Sources */,
				99EDC03A23337613007855C4 /* TextModal.swift in Sources */,
				99B76BD5234352ED00397846 /* AddInSpellbookPresenter.swift in Sources */,
				9933794C233BA62900907090 /* FilterLevelView.swift in Sources */,
				99C627B823509D9E00108411 /* ParamsPresenter.swift in Sources */,
				99B76BDD23437BBB00397846 /* TabBarService.swift in Sources */,
				99EDC034233375C6007855C4 /* TextPush.swift in Sources */,
				99EDC04F2333910A007855C4 /* UIColor+Palette.swift in Sources */,
				99A9854123437D9B00849B4A /* TabBarWithPopupMenuOutput.swift in Sources */,
				9993D17E233C95FE004C9E03 /* IOTags.swift in Sources */,
				B91442122335174D00C68557 /* CreateListInput.swift in Sources */,
				99EDC042233376B9007855C4 /* HeaderBottom2.swift in Sources */,
				99C627C32350BDFD00108411 /* ComponentsOutput.swift in Sources */,
				99C627BD2350BDB900108411 /* ComponentsInput.swift in Sources */,
				B98EF36823353D48008E81ED /* Imported.swift in Sources */,
				99B76BB4234332CF00397846 /* SpellbookCell.swift in Sources */,
				998C0A98234F392200BAD31D /* UIAlertController+defaultError.swift in Sources */,
				99B76BC823433E7C00397846 /* SpellbookPresenter.swift in Sources */,
				99EDC04C23339029007855C4 /* PlusButton.swift in Sources */,
				99B76BD92343675500397846 /* SpellbookInMenuCell.swift in Sources */,
				99B76BC423433E5900397846 /* SpellbookInput.swift in Sources */,
				99D60646234F2145004AA4A4 /* NameCSOutput.swift in Sources */,
				99B76BCE234352B400397846 /* AddInSpellbookVC.swift in Sources */,
				99C627B623509D9200108411 /* ParamsOutput.swift in Sources */,
				99EDC0472333871B007855C4 /* TabBarWithPopupMenu.swift in Sources */,
				B98EF37323353FF9008E81ED /* Component.swift in Sources */,
				B98EF37723354436008E81ED /* School.swift in Sources */,
				99B76BB72343369200397846 /* SpellbookListOutput.swift in Sources */,
				99EDC05C2333CABD007855C4 /* CreateListVC.swift in Sources */,
				99345D1F233A15E5003CFD96 /* SpellListOutput.swift in Sources */,
				99EDC03C23337635007855C4 /* HeaderBottom.swift in Sources */,
				99D60648234F2150004AA4A4 /* NameCSPresenter.swift in Sources */,
				99A9854323437DA600849B4A /* TabBarWithPopupMenuPresenter.swift in Sources */,
				B914421C23351E0D00C68557 /* SpellService.swift in Sources */,
				99C627C02350BDC800108411 /* ComponentsVC.swift in Sources */,
				99EDC0572333A7FE007855C4 /* ViewController.swift in Sources */,
				9993D182233CA360004C9E03 /* FilterPresenter.swift in Sources */,
				99EDC038233375F7007855C4 /* TextSearch.swift in Sources */,
				B99260292351C1A8000EE878 /* ProfessionsOutput.swift in Sources */,
				99A98547234384E900849B4A /* SpellPresenter.swift in Sources */,
				B98EF37123353F13008E81ED /* Language.swift in Sources */,
				99C627C52350BE0900108411 /* ComponentsPresenter.swift in Sources */,
				99B76BC623433E6C00397846 /* SpellbookOutput.swift in Sources */,
				998C0AA6234F3BD900BAD31D /* DescriptionCSPresenter.swift in Sources */,
				998C0AA4234F3BCB00BAD31D /* DescriptionCSOutput.swift in Sources */,
				99F69F52234627B200A077DE /* CreateSpellbookInput.swift in Sources */,
				99C627B023509D5000108411 /* ParamsInput.swift in Sources */,
				B99260232351C133000EE878 /* ProfessionInput.swift in Sources */,
				9993D17C233C95FE004C9E03 /* IOTagCell.swift in Sources */,
				B992602B2353AAE2000EE878 /* ProfessionsPresenter.swift in Sources */,
				99EDC03123337583007855C4 /* Header2.swift in Sources */,
				99B76BD3234352E200397846 /* AddInSpellbookOutput.swift in Sources */,
				99F69F552346348F00A077DE /* CreateSpellbookVC.swift in Sources */,
				99B76BD1234352C900397846 /* AddInSpellbookInput.swift in Sources */,
				99EDC04023337695007855C4 /* TextFilter.swift in Sources */,
				99B76BC123433E4B00397846 /* SpellbookVC.swift in Sources */,
				B98EF36923353D48008E81ED /* Exported.swift in Sources */,
				998C0A9E234F3B9400BAD31D /* DescriptionCSInput.swift in Sources */,
				99EDC05423339C96007855C4 /* PopupMenuVC.swift in Sources */,
				B9144242233520B400C68557 /* SpellListInput.swift in Sources */,
				9933793E233B6B7900907090 /* SpellInput.swift in Sources */,
				99F69F5C2346412900A077DE /* CreateSpellbookPresenter.swift in Sources */,
				B99260262351C16B000EE878 /* ProfessionsVC.swift in Sources */,
				9933793B233B6B6D00907090 /* SpellVC.swift in Sources */,
				B98EF3792335F00C008E81ED /* Spell.swift in Sources */,
				99D6064A234F2195004AA4A4 /* NextButton.swift in Sources */,
				9993D184233CAC60004C9E03 /* Filter.swift in Sources */,
				99337946233B95C600907090 /* FilterVC.swift in Sources */,
				99A98545234384DC00849B4A /* SpellOutput.swift in Sources */,
				99345D26233A27A0003CFD96 /* UIView+Radius.swift in Sources */,
				991358DD2342522900F04668 /* Spellbook.swift in Sources */,
				99EDC03E23337673007855C4 /* TextBoldFilter.swift in Sources */,
				B914423F2335209A00C68557 /* SpellListVC.swift in Sources */,
				99F69F5A2346411200A077DE /* CreateSpellbookOutput.swift in Sources */,
				B9144246233521C300C68557 /* SpellCell.swift in Sources */,
				99345D2B233A5595003CFD96 /* SearchTextField.swift in Sources */,
				9946331823420E2B0057B879 /* FilterBookPresenter.swift in Sources */,
			);
			runOnlyForDeploymentPostprocessing = 0;
		};
		99EDC013233372EC007855C4 /* Sources */ = {
			isa = PBXSourcesBuildPhase;
			buildActionMask = 2147483647;
			files = (
				99EDC01C233372EC007855C4 /* SpellsTests.swift in Sources */,
			);
			runOnlyForDeploymentPostprocessing = 0;
		};
/* End PBXSourcesBuildPhase section */

/* Begin PBXTargetDependency section */
		99EDC019233372EC007855C4 /* PBXTargetDependency */ = {
			isa = PBXTargetDependency;
			target = 99EDC000233372EB007855C4 /* Spells */;
			targetProxy = 99EDC018233372EC007855C4 /* PBXContainerItemProxy */;
		};
/* End PBXTargetDependency section */

/* Begin PBXVariantGroup section */
		99EDC00A233372EB007855C4 /* Main.storyboard */ = {
			isa = PBXVariantGroup;
			children = (
				99EDC00B233372EB007855C4 /* Base */,
			);
			name = Main.storyboard;
			sourceTree = "<group>";
		};
		99EDC00F233372EC007855C4 /* LaunchScreen.storyboard */ = {
			isa = PBXVariantGroup;
			children = (
				99EDC010233372EC007855C4 /* Base */,
			);
			name = LaunchScreen.storyboard;
			sourceTree = "<group>";
		};
/* End PBXVariantGroup section */

/* Begin XCBuildConfiguration section */
		99EDC01E233372EC007855C4 /* Debug */ = {
			isa = XCBuildConfiguration;
			buildSettings = {
				ALWAYS_SEARCH_USER_PATHS = NO;
				CLANG_ANALYZER_NONNULL = YES;
				CLANG_ANALYZER_NUMBER_OBJECT_CONVERSION = YES_AGGRESSIVE;
				CLANG_CXX_LANGUAGE_STANDARD = "gnu++14";
				CLANG_CXX_LIBRARY = "libc++";
				CLANG_ENABLE_MODULES = YES;
				CLANG_ENABLE_OBJC_ARC = YES;
				CLANG_ENABLE_OBJC_WEAK = YES;
				CLANG_WARN_BLOCK_CAPTURE_AUTORELEASING = YES;
				CLANG_WARN_BOOL_CONVERSION = YES;
				CLANG_WARN_COMMA = YES;
				CLANG_WARN_CONSTANT_CONVERSION = YES;
				CLANG_WARN_DEPRECATED_OBJC_IMPLEMENTATIONS = YES;
				CLANG_WARN_DIRECT_OBJC_ISA_USAGE = YES_ERROR;
				CLANG_WARN_DOCUMENTATION_COMMENTS = YES;
				CLANG_WARN_EMPTY_BODY = YES;
				CLANG_WARN_ENUM_CONVERSION = YES;
				CLANG_WARN_INFINITE_RECURSION = YES;
				CLANG_WARN_INT_CONVERSION = YES;
				CLANG_WARN_NON_LITERAL_NULL_CONVERSION = YES;
				CLANG_WARN_OBJC_IMPLICIT_RETAIN_SELF = YES;
				CLANG_WARN_OBJC_LITERAL_CONVERSION = YES;
				CLANG_WARN_OBJC_ROOT_CLASS = YES_ERROR;
				CLANG_WARN_RANGE_LOOP_ANALYSIS = YES;
				CLANG_WARN_STRICT_PROTOTYPES = YES;
				CLANG_WARN_SUSPICIOUS_MOVE = YES;
				CLANG_WARN_UNGUARDED_AVAILABILITY = YES_AGGRESSIVE;
				CLANG_WARN_UNREACHABLE_CODE = YES;
				CLANG_WARN__DUPLICATE_METHOD_MATCH = YES;
				CODE_SIGN_IDENTITY = "iPhone Developer";
				COPY_PHASE_STRIP = NO;
				DEBUG_INFORMATION_FORMAT = dwarf;
				ENABLE_STRICT_OBJC_MSGSEND = YES;
				ENABLE_TESTABILITY = YES;
				GCC_C_LANGUAGE_STANDARD = gnu11;
				GCC_DYNAMIC_NO_PIC = NO;
				GCC_NO_COMMON_BLOCKS = YES;
				GCC_OPTIMIZATION_LEVEL = 0;
				GCC_PREPROCESSOR_DEFINITIONS = (
					"DEBUG=1",
					"$(inherited)",
				);
				GCC_WARN_64_TO_32_BIT_CONVERSION = YES;
				GCC_WARN_ABOUT_RETURN_TYPE = YES_ERROR;
				GCC_WARN_UNDECLARED_SELECTOR = YES;
				GCC_WARN_UNINITIALIZED_AUTOS = YES_AGGRESSIVE;
				GCC_WARN_UNUSED_FUNCTION = YES;
				GCC_WARN_UNUSED_VARIABLE = YES;
				IPHONEOS_DEPLOYMENT_TARGET = 12.4;
				MTL_ENABLE_DEBUG_INFO = INCLUDE_SOURCE;
				MTL_FAST_MATH = YES;
				ONLY_ACTIVE_ARCH = YES;
				SDKROOT = iphoneos;
				SWIFT_ACTIVE_COMPILATION_CONDITIONS = DEBUG;
				SWIFT_OPTIMIZATION_LEVEL = "-Onone";
			};
			name = Debug;
		};
		99EDC01F233372EC007855C4 /* Release */ = {
			isa = XCBuildConfiguration;
			buildSettings = {
				ALWAYS_SEARCH_USER_PATHS = NO;
				CLANG_ANALYZER_NONNULL = YES;
				CLANG_ANALYZER_NUMBER_OBJECT_CONVERSION = YES_AGGRESSIVE;
				CLANG_CXX_LANGUAGE_STANDARD = "gnu++14";
				CLANG_CXX_LIBRARY = "libc++";
				CLANG_ENABLE_MODULES = YES;
				CLANG_ENABLE_OBJC_ARC = YES;
				CLANG_ENABLE_OBJC_WEAK = YES;
				CLANG_WARN_BLOCK_CAPTURE_AUTORELEASING = YES;
				CLANG_WARN_BOOL_CONVERSION = YES;
				CLANG_WARN_COMMA = YES;
				CLANG_WARN_CONSTANT_CONVERSION = YES;
				CLANG_WARN_DEPRECATED_OBJC_IMPLEMENTATIONS = YES;
				CLANG_WARN_DIRECT_OBJC_ISA_USAGE = YES_ERROR;
				CLANG_WARN_DOCUMENTATION_COMMENTS = YES;
				CLANG_WARN_EMPTY_BODY = YES;
				CLANG_WARN_ENUM_CONVERSION = YES;
				CLANG_WARN_INFINITE_RECURSION = YES;
				CLANG_WARN_INT_CONVERSION = YES;
				CLANG_WARN_NON_LITERAL_NULL_CONVERSION = YES;
				CLANG_WARN_OBJC_IMPLICIT_RETAIN_SELF = YES;
				CLANG_WARN_OBJC_LITERAL_CONVERSION = YES;
				CLANG_WARN_OBJC_ROOT_CLASS = YES_ERROR;
				CLANG_WARN_RANGE_LOOP_ANALYSIS = YES;
				CLANG_WARN_STRICT_PROTOTYPES = YES;
				CLANG_WARN_SUSPICIOUS_MOVE = YES;
				CLANG_WARN_UNGUARDED_AVAILABILITY = YES_AGGRESSIVE;
				CLANG_WARN_UNREACHABLE_CODE = YES;
				CLANG_WARN__DUPLICATE_METHOD_MATCH = YES;
				CODE_SIGN_IDENTITY = "iPhone Developer";
				COPY_PHASE_STRIP = NO;
				DEBUG_INFORMATION_FORMAT = "dwarf-with-dsym";
				ENABLE_NS_ASSERTIONS = NO;
				ENABLE_STRICT_OBJC_MSGSEND = YES;
				GCC_C_LANGUAGE_STANDARD = gnu11;
				GCC_NO_COMMON_BLOCKS = YES;
				GCC_WARN_64_TO_32_BIT_CONVERSION = YES;
				GCC_WARN_ABOUT_RETURN_TYPE = YES_ERROR;
				GCC_WARN_UNDECLARED_SELECTOR = YES;
				GCC_WARN_UNINITIALIZED_AUTOS = YES_AGGRESSIVE;
				GCC_WARN_UNUSED_FUNCTION = YES;
				GCC_WARN_UNUSED_VARIABLE = YES;
				IPHONEOS_DEPLOYMENT_TARGET = 12.4;
				MTL_ENABLE_DEBUG_INFO = NO;
				MTL_FAST_MATH = YES;
				SDKROOT = iphoneos;
				SWIFT_COMPILATION_MODE = wholemodule;
				SWIFT_OPTIMIZATION_LEVEL = "-O";
				VALIDATE_PRODUCT = YES;
			};
			name = Release;
		};
		99EDC021233372EC007855C4 /* Debug */ = {
			isa = XCBuildConfiguration;
			baseConfigurationReference = 0112B2A897F21E1CC4029C5C /* Pods-Spells.debug.xcconfig */;
			buildSettings = {
				ASSETCATALOG_COMPILER_APPICON_NAME = AppIcon;
				CODE_SIGN_STYLE = Automatic;
				DEVELOPMENT_TEAM = VABTQXHL78;
				INFOPLIST_FILE = "$(SRCROOT)/Spells/System/Info.plist";
				IPHONEOS_DEPLOYMENT_TARGET = 11.0;
				LD_RUNPATH_SEARCH_PATHS = (
					"$(inherited)",
					"@executable_path/Frameworks",
				);
				PRODUCT_BUNDLE_IDENTIFIER = "com.github.s-emp.Spells";
				PRODUCT_NAME = "$(TARGET_NAME)";
				SWIFT_VERSION = 5.0;
				TARGETED_DEVICE_FAMILY = "1,2";
			};
			name = Debug;
		};
		99EDC022233372EC007855C4 /* Release */ = {
			isa = XCBuildConfiguration;
			baseConfigurationReference = AB920D05A7EBF50A84C203E5 /* Pods-Spells.release.xcconfig */;
			buildSettings = {
				ASSETCATALOG_COMPILER_APPICON_NAME = AppIcon;
				CODE_SIGN_STYLE = Automatic;
				DEVELOPMENT_TEAM = VABTQXHL78;
				INFOPLIST_FILE = "$(SRCROOT)/Spells/System/Info.plist";
				IPHONEOS_DEPLOYMENT_TARGET = 11.0;
				LD_RUNPATH_SEARCH_PATHS = (
					"$(inherited)",
					"@executable_path/Frameworks",
				);
				PRODUCT_BUNDLE_IDENTIFIER = "com.github.s-emp.Spells";
				PRODUCT_NAME = "$(TARGET_NAME)";
				SWIFT_VERSION = 5.0;
				TARGETED_DEVICE_FAMILY = "1,2";
			};
			name = Release;
		};
		99EDC024233372EC007855C4 /* Debug */ = {
			isa = XCBuildConfiguration;
			baseConfigurationReference = AEF7CF8F6B61ED52E4FDFC1D /* Pods-SpellsTests.debug.xcconfig */;
			buildSettings = {
				ALWAYS_EMBED_SWIFT_STANDARD_LIBRARIES = YES;
				BUNDLE_LOADER = "$(TEST_HOST)";
				CODE_SIGN_STYLE = Automatic;
				DEVELOPMENT_TEAM = VABTQXHL78;
				INFOPLIST_FILE = SpellsTests/Info.plist;
				LD_RUNPATH_SEARCH_PATHS = (
					"$(inherited)",
					"@executable_path/Frameworks",
					"@loader_path/Frameworks",
				);
				PRODUCT_BUNDLE_IDENTIFIER = "com.github.s-emp.SpellsTests";
				PRODUCT_NAME = "$(TARGET_NAME)";
				SWIFT_VERSION = 5.0;
				TARGETED_DEVICE_FAMILY = "1,2";
				TEST_HOST = "$(BUILT_PRODUCTS_DIR)/Spells.app/Spells";
			};
			name = Debug;
		};
		99EDC025233372EC007855C4 /* Release */ = {
			isa = XCBuildConfiguration;
			baseConfigurationReference = 6C9E4AE86B3C81D82740A67A /* Pods-SpellsTests.release.xcconfig */;
			buildSettings = {
				ALWAYS_EMBED_SWIFT_STANDARD_LIBRARIES = YES;
				BUNDLE_LOADER = "$(TEST_HOST)";
				CODE_SIGN_STYLE = Automatic;
				DEVELOPMENT_TEAM = VABTQXHL78;
				INFOPLIST_FILE = SpellsTests/Info.plist;
				LD_RUNPATH_SEARCH_PATHS = (
					"$(inherited)",
					"@executable_path/Frameworks",
					"@loader_path/Frameworks",
				);
				PRODUCT_BUNDLE_IDENTIFIER = "com.github.s-emp.SpellsTests";
				PRODUCT_NAME = "$(TARGET_NAME)";
				SWIFT_VERSION = 5.0;
				TARGETED_DEVICE_FAMILY = "1,2";
				TEST_HOST = "$(BUILT_PRODUCTS_DIR)/Spells.app/Spells";
			};
			name = Release;
		};
/* End XCBuildConfiguration section */

/* Begin XCConfigurationList section */
		99EDBFFC233372EB007855C4 /* Build configuration list for PBXProject "Spells" */ = {
			isa = XCConfigurationList;
			buildConfigurations = (
				99EDC01E233372EC007855C4 /* Debug */,
				99EDC01F233372EC007855C4 /* Release */,
			);
			defaultConfigurationIsVisible = 0;
			defaultConfigurationName = Release;
		};
		99EDC020233372EC007855C4 /* Build configuration list for PBXNativeTarget "Spells" */ = {
			isa = XCConfigurationList;
			buildConfigurations = (
				99EDC021233372EC007855C4 /* Debug */,
				99EDC022233372EC007855C4 /* Release */,
			);
			defaultConfigurationIsVisible = 0;
			defaultConfigurationName = Release;
		};
		99EDC023233372EC007855C4 /* Build configuration list for PBXNativeTarget "SpellsTests" */ = {
			isa = XCConfigurationList;
			buildConfigurations = (
				99EDC024233372EC007855C4 /* Debug */,
				99EDC025233372EC007855C4 /* Release */,
			);
			defaultConfigurationIsVisible = 0;
			defaultConfigurationName = Release;
		};
/* End XCConfigurationList section */
	};
	rootObject = 99EDBFF9233372EB007855C4 /* Project object */;
}
