PODS:
  - lottie-ios (3.1.3)
  - MarqueeLabel (4.0.0)
  - NotificationBannerSwift (3.0.0):
    - MarqueeLabel (~> 4.0.0)
    - SnapKit (~> 5.0.0)
  - Realm (3.17.0):
    - Realm/Headers (= 3.17.0)
  - Realm/Headers (3.17.0)
  - RealmSwift (3.17.0):
    - Realm (= 3.17.0)
  - SnapKit (5.0.1)
  - SPStorkController (1.6.5)
  - TPKeyboardAvoiding (1.3.2)

DEPENDENCIES:
  - lottie-ios
  - NotificationBannerSwift (~> 3.0.0)
  - RealmSwift (= 3.17.0)
  - SPStorkController (= 1.6.5)
  - TPKeyboardAvoiding (= 1.3.2)

SPEC REPOS:
  trunk:
    - lottie-ios
    - MarqueeLabel
    - NotificationBannerSwift
    - Realm
    - RealmSwift
    - SnapKit
    - SPStorkController
    - TPKeyboardAvoiding

SPEC CHECKSUMS:
  lottie-ios: 496ac5cea1bbf1a7bd1f1f472f3232eb1b8d744b
  MarqueeLabel: b55b26e690b6ad41faedd95cbf5eae6f1d1735b4
  NotificationBannerSwift: 842401d30f5c36e4f2eafc152824566f6b3c1bb5
  Realm: b30db41ff34fc858ffc25ba8d44a82c164e7ccd0
  RealmSwift: fe733e459d60dc7b6971d4cbee2eb4854097d12c
  SnapKit: 97b92857e3df3a0c71833cce143274bf6ef8e5eb
  SPStorkController: f74a60dbcd3c35180c996688873f6eadac839642
  TPKeyboardAvoiding: cb69d5ddbe90ce0170e4bc2db1e5e41d4a3ad9a4

PODFILE CHECKSUM: f82f20744788e602fc81e998f680bf4acde59390

COCOAPODS: 1.8.4
